
Microsoft Visual Studio Solution File, Format Version 12.00
# Visual Studio 15
Project("{FAE04EC0-301F-11D3-BF4B-00C04F79EFBC}") = "Unity.Timeline", "Unity.Timeline.csproj", "{3ED48A83-B142-974A-46AC-ED99A091E770}"
EndProject
Project("{FAE04EC0-301F-11D3-BF4B-00C04F79EFBC}") = "Unity.RenderPipelines.GPUDriven.Runtime", "Unity.RenderPipelines.GPUDriven.Runtime.csproj", "{4DF30B34-0152-8998-12C8-955F2D737921}"
EndProject
Project("{FAE04EC0-301F-11D3-BF4B-00C04F79EFBC}") = "Meta.XR.MultiplayerBlocks.Shared", "Meta.XR.MultiplayerBlocks.Shared.csproj", "{3E87771E-A66D-B705-8D19-0C59F75988CC}"
EndProject
Project("{FAE04EC0-301F-11D3-BF4B-00C04F79EFBC}") = "Unity.PlasticSCM.Editor", "Unity.PlasticSCM.Editor.csproj", "{AC819B15-5888-8168-97C4-A93D0ED9BF84}"
EndProject
Project("{FAE04EC0-301F-11D3-BF4B-00C04F79EFBC}") = "Unity.ShaderGraph.Editor", "Unity.ShaderGraph.Editor.csproj", "{EAA3B94F-D02C-48EA-F481-5CA24C7D36E6}"
EndProject
Project("{FAE04EC0-301F-11D3-BF4B-00C04F79EFBC}") = "Meta.XR.BuildingBlocks", "Meta.XR.BuildingBlocks.csproj", "{DEC2D4DF-51EF-4635-0349-75CD96E2FC68}"
EndProject
Project("{FAE04EC0-301F-11D3-BF4B-00C04F79EFBC}") = "Unity.RenderPipelines.Core.Runtime", "Unity.RenderPipelines.Core.Runtime.csproj", "{A430971E-C415-DB8A-23EF-7B1754D9D499}"
EndProject
Project("{FAE04EC0-301F-11D3-BF4B-00C04F79EFBC}") = "Unity.Timeline.Editor", "Unity.Timeline.Editor.csproj", "{B1175374-2A3E-E147-F81A-06880FE6C0F7}"
EndProject
Project("{FAE04EC0-301F-11D3-BF4B-00C04F79EFBC}") = "Unity.Multiplayer.Center.Editor", "Unity.Multiplayer.Center.Editor.csproj", "{BB14D9EB-B42C-0A88-943D-52B5D5DF7596}"
EndProject
Project("{FAE04EC0-301F-11D3-BF4B-00C04F79EFBC}") = "Unity.Mathematics", "Unity.Mathematics.csproj", "{85E0814B-6CA7-75D6-85E5-C159DBC1817E}"
EndProject
Project("{FAE04EC0-301F-11D3-BF4B-00C04F79EFBC}") = "Unity.RenderPipelines.Core.Editor", "Unity.RenderPipelines.Core.Editor.csproj", "{14CD87B2-A82A-7BDC-DA4D-87AD3E98B33A}"
EndProject
Project("{FAE04EC0-301F-11D3-BF4B-00C04F79EFBC}") = "Meta.XR.BuildingBlocks.Editor", "Meta.XR.BuildingBlocks.Editor.csproj", "{827D94D5-475F-48B6-F07B-1287ADD34A53}"
EndProject
Project("{FAE04EC0-301F-11D3-BF4B-00C04F79EFBC}") = "Unity.Collections", "Unity.Collections.csproj", "{67B613A8-E6D2-41FF-A9AF-FCB03127276A}"
EndProject
Project("{FAE04EC0-301F-11D3-BF4B-00C04F79EFBC}") = "UnityEngine.UI", "UnityEngine.UI.csproj", "{9F7DBAAA-AEB7-0858-016E-32812EB2AD1A}"
EndProject
Project("{FAE04EC0-301F-11D3-BF4B-00C04F79EFBC}") = "Unity.RenderPipelines.Universal.2D.Runtime", "Unity.RenderPipelines.Universal.2D.Runtime.csproj", "{3B078916-1109-C8AA-0ACD-E0E2F184D37C}"
EndProject
Project("{FAE04EC0-301F-11D3-BF4B-00C04F79EFBC}") = "Unity.VisualScripting.Core.Editor", "Unity.VisualScripting.Core.Editor.csproj", "{CF2EE8C2-2B78-4130-AA80-11FAD340D8AA}"
EndProject
Project("{FAE04EC0-301F-11D3-BF4B-00C04F79EFBC}") = "Unity.RenderPipelines.Universal.Editor", "Unity.RenderPipelines.Universal.Editor.csproj", "{295554F8-A7A2-043F-FA68-092EDEEB0A09}"
EndProject
Project("{FAE04EC0-301F-11D3-BF4B-00C04F79EFBC}") = "Unity.PerformanceTesting.Editor", "Unity.PerformanceTesting.Editor.csproj", "{867AB3DF-06F0-573D-AABF-C6CA19B8F5D2}"
EndProject
Project("{FAE04EC0-301F-11D3-BF4B-00C04F79EFBC}") = "UnityEngine.TestRunner", "UnityEngine.TestRunner.csproj", "{BFFFA381-A13F-D021-D054-97D61645112A}"
EndProject
Project("{FAE04EC0-301F-11D3-BF4B-00C04F79EFBC}") = "Oculus.VR", "Oculus.VR.csproj", "{9C198D7F-D1D9-7FA6-BA0F-53D0A5AAEFDA}"
EndProject
Project("{FAE04EC0-301F-11D3-BF4B-00C04F79EFBC}") = "Oculus.Interaction", "Oculus.Interaction.csproj", "{336737A0-F4DB-A319-A407-DF21584C9EAD}"
EndProject
Project("{FAE04EC0-301F-11D3-BF4B-00C04F79EFBC}") = "Unity.Burst", "Unity.Burst.csproj", "{EB2CC586-2378-D2AB-D6C5-A96963EFD229}"
EndProject
Project("{FAE04EC0-301F-11D3-BF4B-00C04F79EFBC}") = "Oculus.VR.Editor", "Oculus.VR.Editor.csproj", "{0258B842-0AC7-2F56-2D61-8D0576A7D60E}"
EndProject
Project("{FAE04EC0-301F-11D3-BF4B-00C04F79EFBC}") = "Unity.VisualScripting.Flow.Editor", "Unity.VisualScripting.Flow.Editor.csproj", "{B289D870-EA2C-CD98-D715-5408189A325F}"
EndProject
Project("{FAE04EC0-301F-11D3-BF4B-00C04F79EFBC}") = "Oculus.VR.Scripts.Editor", "Oculus.VR.Scripts.Editor.csproj", "{BE7892A1-2304-151D-62DE-F547E7C1E7B1}"
EndProject
Project("{FAE04EC0-301F-11D3-BF4B-00C04F79EFBC}") = "Unity.VisualStudio.Editor", "Unity.VisualStudio.Editor.csproj", "{C7455D59-6C62-06B4-B4B0-56C258FD166E}"
EndProject
Project("{FAE04EC0-301F-11D3-BF4B-00C04F79EFBC}") = "Unity.InputSystem", "Unity.InputSystem.csproj", "{5F8CC6B5-52DA-F238-1765-4EB05449B6E6}"
EndProject
Project("{FAE04EC0-301F-11D3-BF4B-00C04F79EFBC}") = "PPv2URPConverters", "PPv2URPConverters.csproj", "{3DDE6BFD-2081-DD90-C7E3-A3AAE97E27C6}"
EndProject
Project("{FAE04EC0-301F-11D3-BF4B-00C04F79EFBC}") = "Meta.XR.ImmersiveDebugger", "Meta.XR.ImmersiveDebugger.csproj", "{0B81BA4F-7C15-B6B2-121A-2C0AE5C45585}"
EndProject
Project("{FAE04EC0-301F-11D3-BF4B-00C04F79EFBC}") = "Unity.XR.OpenXR", "Unity.XR.OpenXR.csproj", "{964E3F16-13CF-8680-431A-AED9107ECC3F}"
EndProject
Project("{FAE04EC0-301F-11D3-BF4B-00C04F79EFBC}") = "Unity.XR.CoreUtils", "Unity.XR.CoreUtils.csproj", "{E6B8B186-1D8F-DF37-A3E3-EB5EC188813F}"
EndProject
Project("{FAE04EC0-301F-11D3-BF4B-00C04F79EFBC}") = "Unity.Searcher.Editor", "Unity.Searcher.Editor.csproj", "{66552BEA-2CE8-CE2E-DAC5-1BAB6B4DE032}"
EndProject
Project("{FAE04EC0-301F-11D3-BF4B-00C04F79EFBC}") = "Oculus.Interaction.Samples", "Oculus.Interaction.Samples.csproj", "{ABC3220B-DC59-4F72-3D0B-F9F4B2DE7360}"
EndProject
Project("{FAE04EC0-301F-11D3-BF4B-00C04F79EFBC}") = "UnityEditor.TestRunner", "UnityEditor.TestRunner.csproj", "{11215489-B3A0-C270-C21C-BBAC0618CC7F}"
EndProject
Project("{FAE04EC0-301F-11D3-BF4B-00C04F79EFBC}") = "Unity.VisualScripting.Core", "Unity.VisualScripting.Core.csproj", "{2AB88442-D2FA-BF3E-391F-9A52A4687735}"
EndProject
Project("{FAE04EC0-301F-11D3-BF4B-00C04F79EFBC}") = "Unity.RenderPipelines.Universal.Runtime", "Unity.RenderPipelines.Universal.Runtime.csproj", "{F10CA8BF-7743-0885-A5D5-3AAFA13B282F}"
EndProject
Project("{FAE04EC0-301F-11D3-BF4B-00C04F79EFBC}") = "Oculus.Interaction.Editor", "Oculus.Interaction.Editor.csproj", "{FA0F3803-2335-E7BD-1D06-125D027F7F80}"
EndProject
Project("{FAE04EC0-301F-11D3-BF4B-00C04F79EFBC}") = "Unity.CollabProxy.Editor", "Unity.CollabProxy.Editor.csproj", "{F25F8367-0CB9-1823-325F-DFD3AAF7C609}"
EndProject
Project("{FAE04EC0-301F-11D3-BF4B-00C04F79EFBC}") = "Oculus.Interaction.OVR", "Oculus.Interaction.OVR.csproj", "{F5E3D7D6-9FC8-D14D-CE81-EDCDAC10F542}"
EndProject
Project("{FAE04EC0-301F-11D3-BF4B-00C04F79EFBC}") = "Unity.VisualScripting.State.Editor", "Unity.VisualScripting.State.Editor.csproj", "{A482FA96-A12C-24C7-EA38-1F12998D3A6E}"
EndProject
Project("{FAE04EC0-301F-11D3-BF4B-00C04F79EFBC}") = "Unity.AI.Navigation.Editor.ConversionSystem", "Unity.AI.Navigation.Editor.ConversionSystem.csproj", "{0B5F5066-5117-EBEB-3FCE-4B8BDA1D3DC8}"
EndProject
Project("{FAE04EC0-301F-11D3-BF4B-00C04F79EFBC}") = "Unity.Burst.CodeGen", "Unity.Burst.CodeGen.csproj", "{24C2F819-F85B-AF9D-1D69-DA0E0E30CB88}"
EndProject
Project("{FAE04EC0-301F-11D3-BF4B-00C04F79EFBC}") = "Unity.VisualScripting.Flow", "Unity.VisualScripting.Flow.csproj", "{781230CC-8632-DCB2-E83E-FE0D1EBF85C0}"
EndProject
Project("{FAE04EC0-301F-11D3-BF4B-00C04F79EFBC}") = "Unity.PerformanceTesting", "Unity.PerformanceTesting.csproj", "{F97F64BA-73E0-1AAD-D69B-CCBEEA4E001A}"
EndProject
Project("{FAE04EC0-301F-11D3-BF4B-00C04F79EFBC}") = "Unity.TextMeshPro", "Unity.TextMeshPro.csproj", "{CF2A3477-4649-0BBC-FE3D-6C6784272E01}"
EndProject
Project("{FAE04EC0-301F-11D3-BF4B-00C04F79EFBC}") = "Unity.TextMeshPro.Editor", "Unity.TextMeshPro.Editor.csproj", "{3E1FD442-3883-97E6-32AE-D8B58DD199CF}"
EndProject
Project("{FAE04EC0-301F-11D3-BF4B-00C04F79EFBC}") = "Unity.Rendering.LightTransport.Runtime", "Unity.Rendering.LightTransport.Runtime.csproj", "{B368167F-D224-CB3D-CD31-509AE3FD509A}"
EndProject
Project("{FAE04EC0-301F-11D3-BF4B-00C04F79EFBC}") = "Oculus.Interaction.OVR.Editor", "Oculus.Interaction.OVR.Editor.csproj", "{BF5EC8D2-4CE2-095A-12BF-D89BD723D59B}"
EndProject
Project("{FAE04EC0-301F-11D3-BF4B-00C04F79EFBC}") = "Unity.Burst.Editor", "Unity.Burst.Editor.csproj", "{93B84865-424D-40C3-EB99-4298D25BFC3C}"
EndProject
Project("{FAE04EC0-301F-11D3-BF4B-00C04F79EFBC}") = "Meta.XR.Editor.Tags", "Meta.XR.Editor.Tags.csproj", "{85B0F568-9869-CFB3-F3DC-EB2ECBD7C380}"
EndProject
Project("{FAE04EC0-301F-11D3-BF4B-00C04F79EFBC}") = "Unity.Rider.Editor", "Unity.Rider.Editor.csproj", "{F4D4BDFB-3BE8-1DC5-D1EA-34D166D19939}"
EndProject
Project("{FAE04EC0-301F-11D3-BF4B-00C04F79EFBC}") = "Unity.VisualScripting.State", "Unity.VisualScripting.State.csproj", "{4A7B0E44-21FF-EEF7-BC57-6ED01DAA02B1}"
EndProject
Project("{FAE04EC0-301F-11D3-BF4B-00C04F79EFBC}") = "Meta.XR.Editor.TelemetryUI", "Meta.XR.Editor.TelemetryUI.csproj", "{AF2034CC-36E4-0DCF-0FD8-E4270410A582}"
EndProject
Project("{FAE04EC0-301F-11D3-BF4B-00C04F79EFBC}") = "Meta.XR.MultiplayerBlocks.Fusion.Editor", "Meta.XR.MultiplayerBlocks.Fusion.Editor.csproj", "{1AD8E4AC-A43D-22BF-C7D9-6B0BE2FB1D2F}"
EndProject
Project("{FAE04EC0-301F-11D3-BF4B-00C04F79EFBC}") = "Unity.AI.Navigation.Updater", "Unity.AI.Navigation.Updater.csproj", "{8BCD6B51-E849-B999-CD71-6401B82E2C54}"
EndProject
Project("{FAE04EC0-301F-11D3-BF4B-00C04F79EFBC}") = "Meta.XR.Editor.ToolingSupport", "Meta.XR.Editor.ToolingSupport.csproj", "{46A33689-45A3-AD25-0578-14521BD54831}"
EndProject
Project("{FAE04EC0-301F-11D3-BF4B-00C04F79EFBC}") = "Unity.XR.Management.Editor", "Unity.XR.Management.Editor.csproj", "{A302C35B-49DB-122F-20BB-394DF80EFE72}"
EndProject
Project("{FAE04EC0-301F-11D3-BF4B-00C04F79EFBC}") = "Oculus.Interaction.OVR.Samples", "Oculus.Interaction.OVR.Samples.csproj", "{BDDCAB77-14EC-1C11-23D2-2909FEE21DEF}"
EndProject
Project("{FAE04EC0-301F-11D3-BF4B-00C04F79EFBC}") = "UnityEditor.UI", "UnityEditor.UI.csproj", "{FC9B6ED1-588A-836E-C8CD-5566796002DD}"
EndProject
Project("{FAE04EC0-301F-11D3-BF4B-00C04F79EFBC}") = "Meta.XR.Editor.PlayCompanion", "Meta.XR.Editor.PlayCompanion.csproj", "{16EAD591-FA21-D57D-FEB0-CCA505FD7C20}"
EndProject
Project("{FAE04EC0-301F-11D3-BF4B-00C04F79EFBC}") = "Meta.XR.Editor.Reflection", "Meta.XR.Editor.Reflection.csproj", "{2B12DBDC-4344-9DCC-A03A-5ECB8EDEDAE5}"
EndProject
Project("{FAE04EC0-301F-11D3-BF4B-00C04F79EFBC}") = "Meta.XR.Editor.UserInterface", "Meta.XR.Editor.UserInterface.csproj", "{3A103E29-94A3-D59B-AB74-BA6A90F6B9DE}"
EndProject
Project("{FAE04EC0-301F-11D3-BF4B-00C04F79EFBC}") = "Meta.XR.BuildingBlocks.DepthAPI.Editor", "Meta.XR.BuildingBlocks.DepthAPI.Editor.csproj", "{1380AE32-234D-C5A1-8F82-231DAB6A4F81}"
EndProject
Project("{FAE04EC0-301F-11D3-BF4B-00C04F79EFBC}") = "Meta.XR.ImmersiveDebugger.Editor", "Meta.XR.ImmersiveDebugger.Editor.csproj", "{FCA8C1A1-E365-1E04-1A47-8BC26B359ED4}"
EndProject
Project("{FAE04EC0-301F-11D3-BF4B-00C04F79EFBC}") = "Unity.XR.CoreUtils.Editor", "Unity.XR.CoreUtils.Editor.csproj", "{1EB22C32-B3B7-FEB7-18E5-D042745732FF}"
EndProject
Project("{FAE04EC0-301F-11D3-BF4B-00C04F79EFBC}") = "Unity.AI.Navigation.Editor", "Unity.AI.Navigation.Editor.csproj", "{06C020A9-7E83-0BF7-31C8-F97AA5BD101F}"
EndProject
Project("{FAE04EC0-301F-11D3-BF4B-00C04F79EFBC}") = "Unity.XR.OpenXR.Editor", "Unity.XR.OpenXR.Editor.csproj", "{E55EDEF2-9095-F0E0-C900-33F30F991983}"
EndProject
Project("{FAE04EC0-301F-11D3-BF4B-00C04F79EFBC}") = "Oculus.Interaction.UnityXR", "Oculus.Interaction.UnityXR.csproj", "{7ED35F3A-6E82-E4FD-4CB7-9073E3758E6D}"
EndProject
Project("{FAE04EC0-301F-11D3-BF4B-00C04F79EFBC}") = "Unity.Multiplayer.Center.Common", "Unity.Multiplayer.Center.Common.csproj", "{F32DE0D4-A7B1-4584-C5AB-70886BE6F60E}"
EndProject
Project("{FAE04EC0-301F-11D3-BF4B-00C04F79EFBC}") = "Meta.XR.Editor.Notifications", "Meta.XR.Editor.Notifications.csproj", "{2B6EB196-95CD-9544-AF84-723C00D137E3}"
EndProject
Project("{FAE04EC0-301F-11D3-BF4B-00C04F79EFBC}") = "Unity.XR.OpenXR.Features.MetaQuestSupport.Editor", "Unity.XR.OpenXR.Features.MetaQuestSupport.Editor.csproj", "{78E5DAE5-3DE8-A548-8F2A-8E4BFF418949}"
EndProject
Project("{FAE04EC0-301F-11D3-BF4B-00C04F79EFBC}") = "Meta.XR.MultiplayerBlocks.Shared.Editor", "Meta.XR.MultiplayerBlocks.Shared.Editor.csproj", "{E440B87C-D7CB-0CBA-FFC5-56F4297B2175}"
EndProject
Project("{FAE04EC0-301F-11D3-BF4B-00C04F79EFBC}") = "Unity.InputSystem.ForUI", "Unity.InputSystem.ForUI.csproj", "{A3EB0A53-C49A-4718-F72B-6D5860C40092}"
EndProject
Project("{FAE04EC0-301F-11D3-BF4B-00C04F79EFBC}") = "Unity.AI.Navigation", "Unity.AI.Navigation.csproj", "{992B0627-5492-18BB-5DE5-56B475E11AAA}"
EndProject
Project("{FAE04EC0-301F-11D3-BF4B-00C04F79EFBC}") = "Unity.Collections.CodeGen", "Unity.Collections.CodeGen.csproj", "{EC0EE633-BE6D-DF25-6200-E6081C72B330}"
EndProject
Project("{FAE04EC0-301F-11D3-BF4B-00C04F79EFBC}") = "Unity.XR.Management", "Unity.XR.Management.csproj", "{57AFEE2A-733E-4808-9E8F-494B89C02F61}"
EndProject
Project("{FAE04EC0-301F-11D3-BF4B-00C04F79EFBC}") = "Unity.Mathematics.Editor", "Unity.Mathematics.Editor.csproj", "{CA81CBA7-D55B-8024-B965-67AEC2CCECA3}"
EndProject
Project("{FAE04EC0-301F-11D3-BF4B-00C04F79EFBC}") = "Unity.VisualScripting.SettingsProvider.Editor", "Unity.VisualScripting.SettingsProvider.Editor.csproj", "{264314E9-A69B-B509-3FA2-3E446A828D55}"
EndProject
Project("{FAE04EC0-301F-11D3-BF4B-00C04F79EFBC}") = "Meta.XR.MultiplayerBlocks.NGO.Editor", "Meta.XR.MultiplayerBlocks.NGO.Editor.csproj", "{FB26C682-746A-7FCC-63C2-1BB7F8030506}"
EndProject
Project("{FAE04EC0-301F-11D3-BF4B-00C04F79EFBC}") = "Meta.XR.EnvironmentDepth", "Meta.XR.EnvironmentDepth.csproj", "{E72CD4AE-B0E8-7D11-BA85-8DA6DB60F33F}"
EndProject
Project("{FAE04EC0-301F-11D3-BF4B-00C04F79EFBC}") = "Assembly-CSharp-Editor", "Assembly-CSharp-Editor.csproj", "{EBC1579C-E9E9-F3A8-42D1-76F430C639EB}"
EndProject
Project("{FAE04EC0-301F-11D3-BF4B-00C04F79EFBC}") = "Meta.XR.Editor.Settings", "Meta.XR.Editor.Settings.csproj", "{1E204BA3-D95B-D8A9-17EB-CE964283E0E1}"
EndProject
Project("{FAE04EC0-301F-11D3-BF4B-00C04F79EFBC}") = "Meta.XR.Editor.Id", "Meta.XR.Editor.Id.csproj", "{2D1AE2BC-A834-42AF-43C3-E7FC3FED1BFC}"
EndProject
Project("{FAE04EC0-301F-11D3-BF4B-00C04F79EFBC}") = "Unity.InputSystem.TestFramework", "Unity.InputSystem.TestFramework.csproj", "{A050486A-87EA-FBA0-7CA2-DDF6644DD49F}"
EndProject
Project("{FAE04EC0-301F-11D3-BF4B-00C04F79EFBC}") = "UnityEditor.XR.LegacyInputHelpers", "UnityEditor.XR.LegacyInputHelpers.csproj", "{158D8D88-4AE9-8A6B-E30B-502AB20EBB87}"
EndProject
Project("{FAE04EC0-301F-11D3-BF4B-00C04F79EFBC}") = "Unity.ShaderGraph.Utilities", "Unity.ShaderGraph.Utilities.csproj", "{86BAD2DC-BC1F-0FCA-2ADF-83CE4F9BF117}"
EndProject
Project("{FAE04EC0-301F-11D3-BF4B-00C04F79EFBC}") = "Meta.XR.BuildingBlocks.DepthAPI", "Meta.XR.BuildingBlocks.DepthAPI.csproj", "{0FEC3CCC-799D-BB03-531E-A720F532D6D4}"
EndProject
Project("{FAE04EC0-301F-11D3-BF4B-00C04F79EFBC}") = "Unity.VisualScripting.Shared.Editor", "Unity.VisualScripting.Shared.Editor.csproj", "{58995E64-4DE6-A48E-33BF-C7788AD3DA4D}"
EndProject
Project("{FAE04EC0-301F-11D3-BF4B-00C04F79EFBC}") = "Meta.XR.EnvironmentDepth.Editor", "Meta.XR.EnvironmentDepth.Editor.csproj", "{634EE86F-4F3E-0A0F-F44E-2038F646CBF3}"
EndProject
Project("{FAE04EC0-301F-11D3-BF4B-00C04F79EFBC}") = "NewAssembly", "NewAssembly.csproj", "{799A17AD-4C29-0579-40DE-7339CBD9BCDE}"
EndProject
Project("{FAE04EC0-301F-11D3-BF4B-00C04F79EFBC}") = "Meta.XR.Guides.Editor", "Meta.XR.Guides.Editor.csproj", "{6881D36B-ED82-DAA2-B288-52AEB830D707}"
EndProject
Project("{FAE04EC0-301F-11D3-BF4B-00C04F79EFBC}") = "Unity.XR.OpenXR.Features.MetaQuestSupport", "Unity.XR.OpenXR.Features.MetaQuestSupport.csproj", "{84B263B5-E437-2037-CAA0-CBD64BD5DBBC}"
EndProject
Project("{FAE04EC0-301F-11D3-BF4B-00C04F79EFBC}") = "Meta.XR.ImmersiveDebugger.Interface", "Meta.XR.ImmersiveDebugger.Interface.csproj", "{13B3B652-D8CB-D91E-0E69-515483E25EC7}"
EndProject
Project("{FAE04EC0-301F-11D3-BF4B-00C04F79EFBC}") = "Meta.XR.Editor.UPST.Notifications", "Meta.XR.Editor.UPST.Notifications.csproj", "{A0610133-3243-CB74-7105-9272D78402C6}"
EndProject
Project("{FAE04EC0-301F-11D3-BF4B-00C04F79EFBC}") = "Oculus.Interaction.Samples.Editor", "Oculus.Interaction.Samples.Editor.csproj", "{495359C8-A040-362D-A507-44CFB18BD153}"
EndProject
Project("{FAE04EC0-301F-11D3-BF4B-00C04F79EFBC}") = "Unity.RenderPipeline.Universal.ShaderLibrary", "Unity.RenderPipeline.Universal.ShaderLibrary.csproj", "{4684ED35-14D0-9A83-BD07-393DDD322B50}"
EndProject
Project("{FAE04EC0-301F-11D3-BF4B-00C04F79EFBC}") = "Meta.XR.Editor.Callbacks", "Meta.XR.Editor.Callbacks.csproj", "{6FCB5FE9-F124-B4C3-77E1-71A44501F6DE}"
EndProject
Project("{FAE04EC0-301F-11D3-BF4B-00C04F79EFBC}") = "Unity.XR.OpenXR.Features.RuntimeDebugger", "Unity.XR.OpenXR.Features.RuntimeDebugger.csproj", "{14BE4A24-DD8E-C147-7B8F-C40DF72362B4}"
EndProject
Project("{FAE04EC0-301F-11D3-BF4B-00C04F79EFBC}") = "UnityEngine.SpatialTracking", "UnityEngine.SpatialTracking.csproj", "{F88D59A8-A4F3-8B33-FA8E-DD1F90030CE3}"
EndProject
Project("{FAE04EC0-301F-11D3-BF4B-00C04F79EFBC}") = "Unity.XR.OpenXR.Features.OculusQuestSupport.Editor", "Unity.XR.OpenXR.Features.OculusQuestSupport.Editor.csproj", "{D743163F-1D13-BD8E-5F56-1C80C9B0B495}"
EndProject
Project("{FAE04EC0-301F-11D3-BF4B-00C04F79EFBC}") = "Oculus.Interaction.Editor.UnityXR", "Oculus.Interaction.Editor.UnityXR.csproj", "{9173A347-9A77-7831-2BBD-93E1A311C92E}"
EndProject
Project("{FAE04EC0-301F-11D3-BF4B-00C04F79EFBC}") = "UnityEngine.XR.LegacyInputHelpers", "UnityEngine.XR.LegacyInputHelpers.csproj", "{7B0FBD96-C122-56E6-335F-1544AC36FFF3}"
EndProject
Project("{FAE04EC0-301F-11D3-BF4B-00C04F79EFBC}") = "Unity.XR.OpenXR.Features.RuntimeDebugger.Editor", "Unity.XR.OpenXR.Features.RuntimeDebugger.Editor.csproj", "{53303318-168B-EF36-4605-57CD7F6D6D60}"
EndProject
Project("{FAE04EC0-301F-11D3-BF4B-00C04F79EFBC}") = "Unity.Rendering.LightTransport.Editor", "Unity.Rendering.LightTransport.Editor.csproj", "{E3DC52DF-EE26-5C03-DDF5-3CA5D7E4492D}"
EndProject
Project("{FAE04EC0-301F-11D3-BF4B-00C04F79EFBC}") = "Unity.InputSystem.DocCodeSamples", "Unity.InputSystem.DocCodeSamples.csproj", "{9E2F117E-DE15-C9A5-13D5-E88887D03547}"
EndProject
Project("{FAE04EC0-301F-11D3-BF4B-00C04F79EFBC}") = "Unity.RenderPipelines.Universal.Shaders", "Unity.RenderPipelines.Universal.Shaders.csproj", "{5247568F-1575-37CF-6FA5-602F8AAB03B3}"
EndProject
Project("{FAE04EC0-301F-11D3-BF4B-00C04F79EFBC}") = "Unity.RenderPipelines.Core.Runtime.Shared", "Unity.RenderPipelines.Core.Runtime.Shared.csproj", "{8B1EAD92-1F50-AB43-F9D5-2BBE89627B4A}"
EndProject
Project("{FAE04EC0-301F-11D3-BF4B-00C04F79EFBC}") = "Meta.XR.Editor.StatusMenu", "Meta.XR.Editor.StatusMenu.csproj", "{B7C02BA2-FAB7-0876-FC3A-BECA8C19DE7B}"
EndProject
Project("{FAE04EC0-301F-11D3-BF4B-00C04F79EFBC}") = "Assembly-CSharp", "Assembly-CSharp.csproj", "{FB228B7D-3A62-0098-D944-3D04D10D6C92}"
EndProject
Project("{FAE04EC0-301F-11D3-BF4B-00C04F79EFBC}") = "Meta.XR.Editor.Guide.About", "Meta.XR.Editor.Guide.About.csproj", "{304358ED-E1C9-1CEF-EC55-4788E6E9E613}"
EndProject
Project("{FAE04EC0-301F-11D3-BF4B-00C04F79EFBC}") = "Unity.XR.OpenXR.Features.ConformanceAutomation", "Unity.XR.OpenXR.Features.ConformanceAutomation.csproj", "{2D23B276-2356-4B35-8A61-94BCCD68AEB6}"
EndProject
Project("{FAE04EC0-301F-11D3-BF4B-00C04F79EFBC}") = "Unity.PlasticSCM.Editor.Entities", "Unity.PlasticSCM.Editor.Entities.csproj", "{BEC71437-0CD4-487D-9423-D70A3B4E8896}"
EndProject
Project("{FAE04EC0-301F-11D3-BF4B-00C04F79EFBC}") = "Oculus.Interaction.InterfaceSupport", "Oculus.Interaction.InterfaceSupport.csproj", "{82FB905B-4A58-A0F5-9573-C9E1045D3168}"
EndProject
Project("{FAE04EC0-301F-11D3-BF4B-00C04F79EFBC}") = "Unity.XR.OpenXR.Features.MockRuntime", "Unity.XR.OpenXR.Features.MockRuntime.csproj", "{20CBB8A6-0F8C-8085-3CD6-67A4E75C567F}"
EndProject
Project("{FAE04EC0-301F-11D3-BF4B-00C04F79EFBC}") = "UnityEditor.SpatialTracking", "UnityEditor.SpatialTracking.csproj", "{1725EA60-D083-6EEB-8A2A-319C6D088F15}"
EndProject
Project("{FAE04EC0-301F-11D3-BF4B-00C04F79EFBC}") = "Unity.Collections.Editor", "Unity.Collections.Editor.csproj", "{B63B4F4C-3378-9C4E-EF1E-9CF13E1FAF41}"
EndProject
Project("{FAE04EC0-301F-11D3-BF4B-00C04F79EFBC}") = "Unity.RenderPipelines.Universal.Config.Runtime", "Unity.RenderPipelines.Universal.Config.Runtime.csproj", "{177D6C40-14C1-9FD1-6717-CF65D9D2B176}"
EndProject
Project("{FAE04EC0-301F-11D3-BF4B-00C04F79EFBC}") = "Unity.RenderPipelines.ShaderGraph.ShaderGraphLibrary", "Unity.RenderPipelines.ShaderGraph.ShaderGraphLibrary.csproj", "{C956A10F-96DF-F480-19C7-E459FBEB63AC}"
EndProject
Project("{FAE04EC0-301F-11D3-BF4B-00C04F79EFBC}") = "Unity.RenderPipelines.Core.ShaderLibrary", "Unity.RenderPipelines.Core.ShaderLibrary.csproj", "{CF55C403-CDA1-BF87-1024-A589F8D790D2}"
EndProject
Project("{FAE04EC0-301F-11D3-BF4B-00C04F79EFBC}") = "Unity.XR.OpenXR.Features.OculusQuestSupport", "Unity.XR.OpenXR.Features.OculusQuestSupport.csproj", "{84414DE9-90CF-74DF-EC36-0CD55A0C479C}"
EndProject
Project("{FAE04EC0-301F-11D3-BF4B-00C04F79EFBC}") = "Unity.RenderPipelines.Core.Editor.Shared", "Unity.RenderPipelines.Core.Editor.Shared.csproj", "{454468E0-215B-C777-09D7-8F561FA982F0}"
EndProject
Global
	GlobalSection(SolutionConfigurationPlatforms) = preSolution
		Debug|Any CPU = Debug|Any CPU
		Release|Any CPU = Release|Any CPU
	EndGlobalSection
	GlobalSection(ProjectConfigurationPlatforms) = postSolution
		{3ED48A83-B142-974A-46AC-ED99A091E770}.Debug|Any CPU.ActiveCfg = Debug|Any CPU
		{3ED48A83-B142-974A-46AC-ED99A091E770}.Debug|Any CPU.Build.0 = Debug|Any CPU
		{3ED48A83-B142-974A-46AC-ED99A091E770}.Release|Any CPU.ActiveCfg = Release|Any CPU
		{3ED48A83-B142-974A-46AC-ED99A091E770}.Release|Any CPU.Build.0 = Release|Any CPU
		{4DF30B34-0152-8998-12C8-955F2D737921}.Debug|Any CPU.ActiveCfg = Debug|Any CPU
		{4DF30B34-0152-8998-12C8-955F2D737921}.Debug|Any CPU.Build.0 = Debug|Any CPU
		{4DF30B34-0152-8998-12C8-955F2D737921}.Release|Any CPU.ActiveCfg = Release|Any CPU
		{4DF30B34-0152-8998-12C8-955F2D737921}.Release|Any CPU.Build.0 = Release|Any CPU
		{3E87771E-A66D-B705-8D19-0C59F75988CC}.Debug|Any CPU.ActiveCfg = Debug|Any CPU
		{3E87771E-A66D-B705-8D19-0C59F75988CC}.Debug|Any CPU.Build.0 = Debug|Any CPU
		{3E87771E-A66D-B705-8D19-0C59F75988CC}.Release|Any CPU.ActiveCfg = Release|Any CPU
		{3E87771E-A66D-B705-8D19-0C59F75988CC}.Release|Any CPU.Build.0 = Release|Any CPU
		{AC819B15-5888-8168-97C4-A93D0ED9BF84}.Debug|Any CPU.ActiveCfg = Debug|Any CPU
		{AC819B15-5888-8168-97C4-A93D0ED9BF84}.Debug|Any CPU.Build.0 = Debug|Any CPU
		{AC819B15-5888-8168-97C4-A93D0ED9BF84}.Release|Any CPU.ActiveCfg = Release|Any CPU
		{AC819B15-5888-8168-97C4-A93D0ED9BF84}.Release|Any CPU.Build.0 = Release|Any CPU
		{EAA3B94F-D02C-48EA-F481-5CA24C7D36E6}.Debug|Any CPU.ActiveCfg = Debug|Any CPU
		{EAA3B94F-D02C-48EA-F481-5CA24C7D36E6}.Debug|Any CPU.Build.0 = Debug|Any CPU
		{EAA3B94F-D02C-48EA-F481-5CA24C7D36E6}.Release|Any CPU.ActiveCfg = Release|Any CPU
		{EAA3B94F-D02C-48EA-F481-5CA24C7D36E6}.Release|Any CPU.Build.0 = Release|Any CPU
		{DEC2D4DF-51EF-4635-0349-75CD96E2FC68}.Debug|Any CPU.ActiveCfg = Debug|Any CPU
		{DEC2D4DF-51EF-4635-0349-75CD96E2FC68}.Debug|Any CPU.Build.0 = Debug|Any CPU
		{DEC2D4DF-51EF-4635-0349-75CD96E2FC68}.Release|Any CPU.ActiveCfg = Release|Any CPU
		{DEC2D4DF-51EF-4635-0349-75CD96E2FC68}.Release|Any CPU.Build.0 = Release|Any CPU
		{A430971E-C415-DB8A-23EF-7B1754D9D499}.Debug|Any CPU.ActiveCfg = Debug|Any CPU
		{A430971E-C415-DB8A-23EF-7B1754D9D499}.Debug|Any CPU.Build.0 = Debug|Any CPU
		{A430971E-C415-DB8A-23EF-7B1754D9D499}.Release|Any CPU.ActiveCfg = Release|Any CPU
		{A430971E-C415-DB8A-23EF-7B1754D9D499}.Release|Any CPU.Build.0 = Release|Any CPU
		{B1175374-2A3E-E147-F81A-06880FE6C0F7}.Debug|Any CPU.ActiveCfg = Debug|Any CPU
		{B1175374-2A3E-E147-F81A-06880FE6C0F7}.Debug|Any CPU.Build.0 = Debug|Any CPU
		{B1175374-2A3E-E147-F81A-06880FE6C0F7}.Release|Any CPU.ActiveCfg = Release|Any CPU
		{B1175374-2A3E-E147-F81A-06880FE6C0F7}.Release|Any CPU.Build.0 = Release|Any CPU
		{BB14D9EB-B42C-0A88-943D-52B5D5DF7596}.Debug|Any CPU.ActiveCfg = Debug|Any CPU
		{BB14D9EB-B42C-0A88-943D-52B5D5DF7596}.Debug|Any CPU.Build.0 = Debug|Any CPU
		{BB14D9EB-B42C-0A88-943D-52B5D5DF7596}.Release|Any CPU.ActiveCfg = Release|Any CPU
		{BB14D9EB-B42C-0A88-943D-52B5D5DF7596}.Release|Any CPU.Build.0 = Release|Any CPU
		{85E0814B-6CA7-75D6-85E5-C159DBC1817E}.Debug|Any CPU.ActiveCfg = Debug|Any CPU
		{85E0814B-6CA7-75D6-85E5-C159DBC1817E}.Debug|Any CPU.Build.0 = Debug|Any CPU
		{85E0814B-6CA7-75D6-85E5-C159DBC1817E}.Release|Any CPU.ActiveCfg = Release|Any CPU
		{85E0814B-6CA7-75D6-85E5-C159DBC1817E}.Release|Any CPU.Build.0 = Release|Any CPU
		{14CD87B2-A82A-7BDC-DA4D-87AD3E98B33A}.Debug|Any CPU.ActiveCfg = Debug|Any CPU
		{14CD87B2-A82A-7BDC-DA4D-87AD3E98B33A}.Debug|Any CPU.Build.0 = Debug|Any CPU
		{14CD87B2-A82A-7BDC-DA4D-87AD3E98B33A}.Release|Any CPU.ActiveCfg = Release|Any CPU
		{14CD87B2-A82A-7BDC-DA4D-87AD3E98B33A}.Release|Any CPU.Build.0 = Release|Any CPU
		{827D94D5-475F-48B6-F07B-1287ADD34A53}.Debug|Any CPU.ActiveCfg = Debug|Any CPU
		{827D94D5-475F-48B6-F07B-1287ADD34A53}.Debug|Any CPU.Build.0 = Debug|Any CPU
		{827D94D5-475F-48B6-F07B-1287ADD34A53}.Release|Any CPU.ActiveCfg = Release|Any CPU
		{827D94D5-475F-48B6-F07B-1287ADD34A53}.Release|Any CPU.Build.0 = Release|Any CPU
		{67B613A8-E6D2-41FF-A9AF-FCB03127276A}.Debug|Any CPU.ActiveCfg = Debug|Any CPU
		{67B613A8-E6D2-41FF-A9AF-FCB03127276A}.Debug|Any CPU.Build.0 = Debug|Any CPU
		{67B613A8-E6D2-41FF-A9AF-FCB03127276A}.Release|Any CPU.ActiveCfg = Release|Any CPU
		{67B613A8-E6D2-41FF-A9AF-FCB03127276A}.Release|Any CPU.Build.0 = Release|Any CPU
		{9F7DBAAA-AEB7-0858-016E-32812EB2AD1A}.Debug|Any CPU.ActiveCfg = Debug|Any CPU
		{9F7DBAAA-AEB7-0858-016E-32812EB2AD1A}.Debug|Any CPU.Build.0 = Debug|Any CPU
		{9F7DBAAA-AEB7-0858-016E-32812EB2AD1A}.Release|Any CPU.ActiveCfg = Release|Any CPU
		{9F7DBAAA-AEB7-0858-016E-32812EB2AD1A}.Release|Any CPU.Build.0 = Release|Any CPU
		{3B078916-1109-C8AA-0ACD-E0E2F184D37C}.Debug|Any CPU.ActiveCfg = Debug|Any CPU
		{3B078916-1109-C8AA-0ACD-E0E2F184D37C}.Debug|Any CPU.Build.0 = Debug|Any CPU
		{3B078916-1109-C8AA-0ACD-E0E2F184D37C}.Release|Any CPU.ActiveCfg = Release|Any CPU
		{3B078916-1109-C8AA-0ACD-E0E2F184D37C}.Release|Any CPU.Build.0 = Release|Any CPU
		{CF2EE8C2-2B78-4130-AA80-11FAD340D8AA}.Debug|Any CPU.ActiveCfg = Debug|Any CPU
		{CF2EE8C2-2B78-4130-AA80-11FAD340D8AA}.Debug|Any CPU.Build.0 = Debug|Any CPU
		{CF2EE8C2-2B78-4130-AA80-11FAD340D8AA}.Release|Any CPU.ActiveCfg = Release|Any CPU
		{CF2EE8C2-2B78-4130-AA80-11FAD340D8AA}.Release|Any CPU.Build.0 = Release|Any CPU
		{295554F8-A7A2-043F-FA68-092EDEEB0A09}.Debug|Any CPU.ActiveCfg = Debug|Any CPU
		{295554F8-A7A2-043F-FA68-092EDEEB0A09}.Debug|Any CPU.Build.0 = Debug|Any CPU
		{295554F8-A7A2-043F-FA68-092EDEEB0A09}.Release|Any CPU.ActiveCfg = Release|Any CPU
		{295554F8-A7A2-043F-FA68-092EDEEB0A09}.Release|Any CPU.Build.0 = Release|Any CPU
		{867AB3DF-06F0-573D-AABF-C6CA19B8F5D2}.Debug|Any CPU.ActiveCfg = Debug|Any CPU
		{867AB3DF-06F0-573D-AABF-C6CA19B8F5D2}.Debug|Any CPU.Build.0 = Debug|Any CPU
		{867AB3DF-06F0-573D-AABF-C6CA19B8F5D2}.Release|Any CPU.ActiveCfg = Release|Any CPU
		{867AB3DF-06F0-573D-AABF-C6CA19B8F5D2}.Release|Any CPU.Build.0 = Release|Any CPU
		{BFFFA381-A13F-D021-D054-97D61645112A}.Debug|Any CPU.ActiveCfg = Debug|Any CPU
		{BFFFA381-A13F-D021-D054-97D61645112A}.Debug|Any CPU.Build.0 = Debug|Any CPU
		{BFFFA381-A13F-D021-D054-97D61645112A}.Release|Any CPU.ActiveCfg = Release|Any CPU
		{BFFFA381-A13F-D021-D054-97D61645112A}.Release|Any CPU.Build.0 = Release|Any CPU
		{9C198D7F-D1D9-7FA6-BA0F-53D0A5AAEFDA}.Debug|Any CPU.ActiveCfg = Debug|Any CPU
		{9C198D7F-D1D9-7FA6-BA0F-53D0A5AAEFDA}.Debug|Any CPU.Build.0 = Debug|Any CPU
		{9C198D7F-D1D9-7FA6-BA0F-53D0A5AAEFDA}.Release|Any CPU.ActiveCfg = Release|Any CPU
		{9C198D7F-D1D9-7FA6-BA0F-53D0A5AAEFDA}.Release|Any CPU.Build.0 = Release|Any CPU
		{336737A0-F4DB-A319-A407-DF21584C9EAD}.Debug|Any CPU.ActiveCfg = Debug|Any CPU
		{336737A0-F4DB-A319-A407-DF21584C9EAD}.Debug|Any CPU.Build.0 = Debug|Any CPU
		{336737A0-F4DB-A319-A407-DF21584C9EAD}.Release|Any CPU.ActiveCfg = Release|Any CPU
		{336737A0-F4DB-A319-A407-DF21584C9EAD}.Release|Any CPU.Build.0 = Release|Any CPU
		{EB2CC586-2378-D2AB-D6C5-A96963EFD229}.Debug|Any CPU.ActiveCfg = Debug|Any CPU
		{EB2CC586-2378-D2AB-D6C5-A96963EFD229}.Debug|Any CPU.Build.0 = Debug|Any CPU
		{EB2CC586-2378-D2AB-D6C5-A96963EFD229}.Release|Any CPU.ActiveCfg = Release|Any CPU
		{EB2CC586-2378-D2AB-D6C5-A96963EFD229}.Release|Any CPU.Build.0 = Release|Any CPU
		{0258B842-0AC7-2F56-2D61-8D0576A7D60E}.Debug|Any CPU.ActiveCfg = Debug|Any CPU
		{0258B842-0AC7-2F56-2D61-8D0576A7D60E}.Debug|Any CPU.Build.0 = Debug|Any CPU
		{0258B842-0AC7-2F56-2D61-8D0576A7D60E}.Release|Any CPU.ActiveCfg = Release|Any CPU
		{0258B842-0AC7-2F56-2D61-8D0576A7D60E}.Release|Any CPU.Build.0 = Release|Any CPU
		{B289D870-EA2C-CD98-D715-5408189A325F}.Debug|Any CPU.ActiveCfg = Debug|Any CPU
		{B289D870-EA2C-CD98-D715-5408189A325F}.Debug|Any CPU.Build.0 = Debug|Any CPU
		{B289D870-EA2C-CD98-D715-5408189A325F}.Release|Any CPU.ActiveCfg = Release|Any CPU
		{B289D870-EA2C-CD98-D715-5408189A325F}.Release|Any CPU.Build.0 = Release|Any CPU
		{BE7892A1-2304-151D-62DE-F547E7C1E7B1}.Debug|Any CPU.ActiveCfg = Debug|Any CPU
		{BE7892A1-2304-151D-62DE-F547E7C1E7B1}.Debug|Any CPU.Build.0 = Debug|Any CPU
		{BE7892A1-2304-151D-62DE-F547E7C1E7B1}.Release|Any CPU.ActiveCfg = Release|Any CPU
		{BE7892A1-2304-151D-62DE-F547E7C1E7B1}.Release|Any CPU.Build.0 = Release|Any CPU
		{C7455D59-6C62-06B4-B4B0-56C258FD166E}.Debug|Any CPU.ActiveCfg = Debug|Any CPU
		{C7455D59-6C62-06B4-B4B0-56C258FD166E}.Debug|Any CPU.Build.0 = Debug|Any CPU
		{C7455D59-6C62-06B4-B4B0-56C258FD166E}.Release|Any CPU.ActiveCfg = Release|Any CPU
		{C7455D59-6C62-06B4-B4B0-56C258FD166E}.Release|Any CPU.Build.0 = Release|Any CPU
		{5F8CC6B5-52DA-F238-1765-4EB05449B6E6}.Debug|Any CPU.ActiveCfg = Debug|Any CPU
		{5F8CC6B5-52DA-F238-1765-4EB05449B6E6}.Debug|Any CPU.Build.0 = Debug|Any CPU
		{5F8CC6B5-52DA-F238-1765-4EB05449B6E6}.Release|Any CPU.ActiveCfg = Release|Any CPU
		{5F8CC6B5-52DA-F238-1765-4EB05449B6E6}.Release|Any CPU.Build.0 = Release|Any CPU
		{3DDE6BFD-2081-DD90-C7E3-A3AAE97E27C6}.Debug|Any CPU.ActiveCfg = Debug|Any CPU
		{3DDE6BFD-2081-DD90-C7E3-A3AAE97E27C6}.Debug|Any CPU.Build.0 = Debug|Any CPU
		{3DDE6BFD-2081-DD90-C7E3-A3AAE97E27C6}.Release|Any CPU.ActiveCfg = Release|Any CPU
		{3DDE6BFD-2081-DD90-C7E3-A3AAE97E27C6}.Release|Any CPU.Build.0 = Release|Any CPU
		{0B81BA4F-7C15-B6B2-121A-2C0AE5C45585}.Debug|Any CPU.ActiveCfg = Debug|Any CPU
		{0B81BA4F-7C15-B6B2-121A-2C0AE5C45585}.Debug|Any CPU.Build.0 = Debug|Any CPU
		{0B81BA4F-7C15-B6B2-121A-2C0AE5C45585}.Release|Any CPU.ActiveCfg = Release|Any CPU
		{0B81BA4F-7C15-B6B2-121A-2C0AE5C45585}.Release|Any CPU.Build.0 = Release|Any CPU
		{964E3F16-13CF-8680-431A-AED9107ECC3F}.Debug|Any CPU.ActiveCfg = Debug|Any CPU
		{964E3F16-13CF-8680-431A-AED9107ECC3F}.Debug|Any CPU.Build.0 = Debug|Any CPU
		{964E3F16-13CF-8680-431A-AED9107ECC3F}.Release|Any CPU.ActiveCfg = Release|Any CPU
		{964E3F16-13CF-8680-431A-AED9107ECC3F}.Release|Any CPU.Build.0 = Release|Any CPU
		{E6B8B186-1D8F-DF37-A3E3-EB5EC188813F}.Debug|Any CPU.ActiveCfg = Debug|Any CPU
		{E6B8B186-1D8F-DF37-A3E3-EB5EC188813F}.Debug|Any CPU.Build.0 = Debug|Any CPU
		{E6B8B186-1D8F-DF37-A3E3-EB5EC188813F}.Release|Any CPU.ActiveCfg = Release|Any CPU
		{E6B8B186-1D8F-DF37-A3E3-EB5EC188813F}.Release|Any CPU.Build.0 = Release|Any CPU
		{66552BEA-2CE8-CE2E-DAC5-1BAB6B4DE032}.Debug|Any CPU.ActiveCfg = Debug|Any CPU
		{66552BEA-2CE8-CE2E-DAC5-1BAB6B4DE032}.Debug|Any CPU.Build.0 = Debug|Any CPU
		{66552BEA-2CE8-CE2E-DAC5-1BAB6B4DE032}.Release|Any CPU.ActiveCfg = Release|Any CPU
		{66552BEA-2CE8-CE2E-DAC5-1BAB6B4DE032}.Release|Any CPU.Build.0 = Release|Any CPU
		{ABC3220B-DC59-4F72-3D0B-F9F4B2DE7360}.Debug|Any CPU.ActiveCfg = Debug|Any CPU
		{ABC3220B-DC59-4F72-3D0B-F9F4B2DE7360}.Debug|Any CPU.Build.0 = Debug|Any CPU
		{ABC3220B-DC59-4F72-3D0B-F9F4B2DE7360}.Release|Any CPU.ActiveCfg = Release|Any CPU
		{ABC3220B-DC59-4F72-3D0B-F9F4B2DE7360}.Release|Any CPU.Build.0 = Release|Any CPU
		{11215489-B3A0-C270-C21C-BBAC0618CC7F}.Debug|Any CPU.ActiveCfg = Debug|Any CPU
		{11215489-B3A0-C270-C21C-BBAC0618CC7F}.Debug|Any CPU.Build.0 = Debug|Any CPU
		{11215489-B3A0-C270-C21C-BBAC0618CC7F}.Release|Any CPU.ActiveCfg = Release|Any CPU
		{11215489-B3A0-C270-C21C-BBAC0618CC7F}.Release|Any CPU.Build.0 = Release|Any CPU
		{2AB88442-D2FA-BF3E-391F-9A52A4687735}.Debug|Any CPU.ActiveCfg = Debug|Any CPU
		{2AB88442-D2FA-BF3E-391F-9A52A4687735}.Debug|Any CPU.Build.0 = Debug|Any CPU
		{2AB88442-D2FA-BF3E-391F-9A52A4687735}.Release|Any CPU.ActiveCfg = Release|Any CPU
		{2AB88442-D2FA-BF3E-391F-9A52A4687735}.Release|Any CPU.Build.0 = Release|Any CPU
		{F10CA8BF-7743-0885-A5D5-3AAFA13B282F}.Debug|Any CPU.ActiveCfg = Debug|Any CPU
		{F10CA8BF-7743-0885-A5D5-3AAFA13B282F}.Debug|Any CPU.Build.0 = Debug|Any CPU
		{F10CA8BF-7743-0885-A5D5-3AAFA13B282F}.Release|Any CPU.ActiveCfg = Release|Any CPU
		{F10CA8BF-7743-0885-A5D5-3AAFA13B282F}.Release|Any CPU.Build.0 = Release|Any CPU
		{FA0F3803-2335-E7BD-1D06-125D027F7F80}.Debug|Any CPU.ActiveCfg = Debug|Any CPU
		{FA0F3803-2335-E7BD-1D06-125D027F7F80}.Debug|Any CPU.Build.0 = Debug|Any CPU
		{FA0F3803-2335-E7BD-1D06-125D027F7F80}.Release|Any CPU.ActiveCfg = Release|Any CPU
		{FA0F3803-2335-E7BD-1D06-125D027F7F80}.Release|Any CPU.Build.0 = Release|Any CPU
		{F25F8367-0CB9-1823-325F-DFD3AAF7C609}.Debug|Any CPU.ActiveCfg = Debug|Any CPU
		{F25F8367-0CB9-1823-325F-DFD3AAF7C609}.Debug|Any CPU.Build.0 = Debug|Any CPU
		{F25F8367-0CB9-1823-325F-DFD3AAF7C609}.Release|Any CPU.ActiveCfg = Release|Any CPU
		{F25F8367-0CB9-1823-325F-DFD3AAF7C609}.Release|Any CPU.Build.0 = Release|Any CPU
		{F5E3D7D6-9FC8-D14D-CE81-EDCDAC10F542}.Debug|Any CPU.ActiveCfg = Debug|Any CPU
		{F5E3D7D6-9FC8-D14D-CE81-EDCDAC10F542}.Debug|Any CPU.Build.0 = Debug|Any CPU
		{F5E3D7D6-9FC8-D14D-CE81-EDCDAC10F542}.Release|Any CPU.ActiveCfg = Release|Any CPU
		{F5E3D7D6-9FC8-D14D-CE81-EDCDAC10F542}.Release|Any CPU.Build.0 = Release|Any CPU
		{A482FA96-A12C-24C7-EA38-1F12998D3A6E}.Debug|Any CPU.ActiveCfg = Debug|Any CPU
		{A482FA96-A12C-24C7-EA38-1F12998D3A6E}.Debug|Any CPU.Build.0 = Debug|Any CPU
		{A482FA96-A12C-24C7-EA38-1F12998D3A6E}.Release|Any CPU.ActiveCfg = Release|Any CPU
		{A482FA96-A12C-24C7-EA38-1F12998D3A6E}.Release|Any CPU.Build.0 = Release|Any CPU
		{0B5F5066-5117-EBEB-3FCE-4B8BDA1D3DC8}.Debug|Any CPU.ActiveCfg = Debug|Any CPU
		{0B5F5066-5117-EBEB-3FCE-4B8BDA1D3DC8}.Debug|Any CPU.Build.0 = Debug|Any CPU
		{0B5F5066-5117-EBEB-3FCE-4B8BDA1D3DC8}.Release|Any CPU.ActiveCfg = Release|Any CPU
		{0B5F5066-5117-EBEB-3FCE-4B8BDA1D3DC8}.Release|Any CPU.Build.0 = Release|Any CPU
		{24C2F819-F85B-AF9D-1D69-DA0E0E30CB88}.Debug|Any CPU.ActiveCfg = Debug|Any CPU
		{24C2F819-F85B-AF9D-1D69-DA0E0E30CB88}.Debug|Any CPU.Build.0 = Debug|Any CPU
		{24C2F819-F85B-AF9D-1D69-DA0E0E30CB88}.Release|Any CPU.ActiveCfg = Release|Any CPU
		{24C2F819-F85B-AF9D-1D69-DA0E0E30CB88}.Release|Any CPU.Build.0 = Release|Any CPU
		{781230CC-8632-DCB2-E83E-FE0D1EBF85C0}.Debug|Any CPU.ActiveCfg = Debug|Any CPU
		{781230CC-8632-DCB2-E83E-FE0D1EBF85C0}.Debug|Any CPU.Build.0 = Debug|Any CPU
		{781230CC-8632-DCB2-E83E-FE0D1EBF85C0}.Release|Any CPU.ActiveCfg = Release|Any CPU
		{781230CC-8632-DCB2-E83E-FE0D1EBF85C0}.Release|Any CPU.Build.0 = Release|Any CPU
		{F97F64BA-73E0-1AAD-D69B-CCBEEA4E001A}.Debug|Any CPU.ActiveCfg = Debug|Any CPU
		{F97F64BA-73E0-1AAD-D69B-CCBEEA4E001A}.Debug|Any CPU.Build.0 = Debug|Any CPU
		{F97F64BA-73E0-1AAD-D69B-CCBEEA4E001A}.Release|Any CPU.ActiveCfg = Release|Any CPU
		{F97F64BA-73E0-1AAD-D69B-CCBEEA4E001A}.Release|Any CPU.Build.0 = Release|Any CPU
		{CF2A3477-4649-0BBC-FE3D-6C6784272E01}.Debug|Any CPU.ActiveCfg = Debug|Any CPU
		{CF2A3477-4649-0BBC-FE3D-6C6784272E01}.Debug|Any CPU.Build.0 = Debug|Any CPU
		{CF2A3477-4649-0BBC-FE3D-6C6784272E01}.Release|Any CPU.ActiveCfg = Release|Any CPU
		{CF2A3477-4649-0BBC-FE3D-6C6784272E01}.Release|Any CPU.Build.0 = Release|Any CPU
		{3E1FD442-3883-97E6-32AE-D8B58DD199CF}.Debug|Any CPU.ActiveCfg = Debug|Any CPU
		{3E1FD442-3883-97E6-32AE-D8B58DD199CF}.Debug|Any CPU.Build.0 = Debug|Any CPU
		{3E1FD442-3883-97E6-32AE-D8B58DD199CF}.Release|Any CPU.ActiveCfg = Release|Any CPU
		{3E1FD442-3883-97E6-32AE-D8B58DD199CF}.Release|Any CPU.Build.0 = Release|Any CPU
		{B368167F-D224-CB3D-CD31-509AE3FD509A}.Debug|Any CPU.ActiveCfg = Debug|Any CPU
		{B368167F-D224-CB3D-CD31-509AE3FD509A}.Debug|Any CPU.Build.0 = Debug|Any CPU
		{B368167F-D224-CB3D-CD31-509AE3FD509A}.Release|Any CPU.ActiveCfg = Release|Any CPU
		{B368167F-D224-CB3D-CD31-509AE3FD509A}.Release|Any CPU.Build.0 = Release|Any CPU
		{BF5EC8D2-4CE2-095A-12BF-D89BD723D59B}.Debug|Any CPU.ActiveCfg = Debug|Any CPU
		{BF5EC8D2-4CE2-095A-12BF-D89BD723D59B}.Debug|Any CPU.Build.0 = Debug|Any CPU
		{BF5EC8D2-4CE2-095A-12BF-D89BD723D59B}.Release|Any CPU.ActiveCfg = Release|Any CPU
		{BF5EC8D2-4CE2-095A-12BF-D89BD723D59B}.Release|Any CPU.Build.0 = Release|Any CPU
		{93B84865-424D-40C3-EB99-4298D25BFC3C}.Debug|Any CPU.ActiveCfg = Debug|Any CPU
		{93B84865-424D-40C3-EB99-4298D25BFC3C}.Debug|Any CPU.Build.0 = Debug|Any CPU
		{93B84865-424D-40C3-EB99-4298D25BFC3C}.Release|Any CPU.ActiveCfg = Release|Any CPU
		{93B84865-424D-40C3-EB99-4298D25BFC3C}.Release|Any CPU.Build.0 = Release|Any CPU
		{85B0F568-9869-CFB3-F3DC-EB2ECBD7C380}.Debug|Any CPU.ActiveCfg = Debug|Any CPU
		{85B0F568-9869-CFB3-F3DC-EB2ECBD7C380}.Debug|Any CPU.Build.0 = Debug|Any CPU
		{85B0F568-9869-CFB3-F3DC-EB2ECBD7C380}.Release|Any CPU.ActiveCfg = Release|Any CPU
		{85B0F568-9869-CFB3-F3DC-EB2ECBD7C380}.Release|Any CPU.Build.0 = Release|Any CPU
		{F4D4BDFB-3BE8-1DC5-D1EA-34D166D19939}.Debug|Any CPU.ActiveCfg = Debug|Any CPU
		{F4D4BDFB-3BE8-1DC5-D1EA-34D166D19939}.Debug|Any CPU.Build.0 = Debug|Any CPU
		{F4D4BDFB-3BE8-1DC5-D1EA-34D166D19939}.Release|Any CPU.ActiveCfg = Release|Any CPU
		{F4D4BDFB-3BE8-1DC5-D1EA-34D166D19939}.Release|Any CPU.Build.0 = Release|Any CPU
		{4A7B0E44-21FF-EEF7-BC57-6ED01DAA02B1}.Debug|Any CPU.ActiveCfg = Debug|Any CPU
		{4A7B0E44-21FF-EEF7-BC57-6ED01DAA02B1}.Debug|Any CPU.Build.0 = Debug|Any CPU
		{4A7B0E44-21FF-EEF7-BC57-6ED01DAA02B1}.Release|Any CPU.ActiveCfg = Release|Any CPU
		{4A7B0E44-21FF-EEF7-BC57-6ED01DAA02B1}.Release|Any CPU.Build.0 = Release|Any CPU
		{AF2034CC-36E4-0DCF-0FD8-E4270410A582}.Debug|Any CPU.ActiveCfg = Debug|Any CPU
		{AF2034CC-36E4-0DCF-0FD8-E4270410A582}.Debug|Any CPU.Build.0 = Debug|Any CPU
		{AF2034CC-36E4-0DCF-0FD8-E4270410A582}.Release|Any CPU.ActiveCfg = Release|Any CPU
		{AF2034CC-36E4-0DCF-0FD8-E4270410A582}.Release|Any CPU.Build.0 = Release|Any CPU
		{1AD8E4AC-A43D-22BF-C7D9-6B0BE2FB1D2F}.Debug|Any CPU.ActiveCfg = Debug|Any CPU
		{1AD8E4AC-A43D-22BF-C7D9-6B0BE2FB1D2F}.Debug|Any CPU.Build.0 = Debug|Any CPU
		{1AD8E4AC-A43D-22BF-C7D9-6B0BE2FB1D2F}.Release|Any CPU.ActiveCfg = Release|Any CPU
		{1AD8E4AC-A43D-22BF-C7D9-6B0BE2FB1D2F}.Release|Any CPU.Build.0 = Release|Any CPU
		{8BCD6B51-E849-B999-CD71-6401B82E2C54}.Debug|Any CPU.ActiveCfg = Debug|Any CPU
		{8BCD6B51-E849-B999-CD71-6401B82E2C54}.Debug|Any CPU.Build.0 = Debug|Any CPU
		{8BCD6B51-E849-B999-CD71-6401B82E2C54}.Release|Any CPU.ActiveCfg = Release|Any CPU
		{8BCD6B51-E849-B999-CD71-6401B82E2C54}.Release|Any CPU.Build.0 = Release|Any CPU
		{46A33689-45A3-AD25-0578-14521BD54831}.Debug|Any CPU.ActiveCfg = Debug|Any CPU
		{46A33689-45A3-AD25-0578-14521BD54831}.Debug|Any CPU.Build.0 = Debug|Any CPU
		{46A33689-45A3-AD25-0578-14521BD54831}.Release|Any CPU.ActiveCfg = Release|Any CPU
		{46A33689-45A3-AD25-0578-14521BD54831}.Release|Any CPU.Build.0 = Release|Any CPU
		{A302C35B-49DB-122F-20BB-394DF80EFE72}.Debug|Any CPU.ActiveCfg = Debug|Any CPU
		{A302C35B-49DB-122F-20BB-394DF80EFE72}.Debug|Any CPU.Build.0 = Debug|Any CPU
		{A302C35B-49DB-122F-20BB-394DF80EFE72}.Release|Any CPU.ActiveCfg = Release|Any CPU
		{A302C35B-49DB-122F-20BB-394DF80EFE72}.Release|Any CPU.Build.0 = Release|Any CPU
		{BDDCAB77-14EC-1C11-23D2-2909FEE21DEF}.Debug|Any CPU.ActiveCfg = Debug|Any CPU
		{BDDCAB77-14EC-1C11-23D2-2909FEE21DEF}.Debug|Any CPU.Build.0 = Debug|Any CPU
		{BDDCAB77-14EC-1C11-23D2-2909FEE21DEF}.Release|Any CPU.ActiveCfg = Release|Any CPU
		{BDDCAB77-14EC-1C11-23D2-2909FEE21DEF}.Release|Any CPU.Build.0 = Release|Any CPU
		{FC9B6ED1-588A-836E-C8CD-5566796002DD}.Debug|Any CPU.ActiveCfg = Debug|Any CPU
		{FC9B6ED1-588A-836E-C8CD-5566796002DD}.Debug|Any CPU.Build.0 = Debug|Any CPU
		{FC9B6ED1-588A-836E-C8CD-5566796002DD}.Release|Any CPU.ActiveCfg = Release|Any CPU
		{FC9B6ED1-588A-836E-C8CD-5566796002DD}.Release|Any CPU.Build.0 = Release|Any CPU
		{16EAD591-FA21-D57D-FEB0-CCA505FD7C20}.Debug|Any CPU.ActiveCfg = Debug|Any CPU
		{16EAD591-FA21-D57D-FEB0-CCA505FD7C20}.Debug|Any CPU.Build.0 = Debug|Any CPU
		{16EAD591-FA21-D57D-FEB0-CCA505FD7C20}.Release|Any CPU.ActiveCfg = Release|Any CPU
		{16EAD591-FA21-D57D-FEB0-CCA505FD7C20}.Release|Any CPU.Build.0 = Release|Any CPU
		{2B12DBDC-4344-9DCC-A03A-5ECB8EDEDAE5}.Debug|Any CPU.ActiveCfg = Debug|Any CPU
		{2B12DBDC-4344-9DCC-A03A-5ECB8EDEDAE5}.Debug|Any CPU.Build.0 = Debug|Any CPU
		{2B12DBDC-4344-9DCC-A03A-5ECB8EDEDAE5}.Release|Any CPU.ActiveCfg = Release|Any CPU
		{2B12DBDC-4344-9DCC-A03A-5ECB8EDEDAE5}.Release|Any CPU.Build.0 = Release|Any CPU
		{3A103E29-94A3-D59B-AB74-BA6A90F6B9DE}.Debug|Any CPU.ActiveCfg = Debug|Any CPU
		{3A103E29-94A3-D59B-AB74-BA6A90F6B9DE}.Debug|Any CPU.Build.0 = Debug|Any CPU
		{3A103E29-94A3-D59B-AB74-BA6A90F6B9DE}.Release|Any CPU.ActiveCfg = Release|Any CPU
		{3A103E29-94A3-D59B-AB74-BA6A90F6B9DE}.Release|Any CPU.Build.0 = Release|Any CPU
		{1380AE32-234D-C5A1-8F82-231DAB6A4F81}.Debug|Any CPU.ActiveCfg = Debug|Any CPU
		{1380AE32-234D-C5A1-8F82-231DAB6A4F81}.Debug|Any CPU.Build.0 = Debug|Any CPU
		{1380AE32-234D-C5A1-8F82-231DAB6A4F81}.Release|Any CPU.ActiveCfg = Release|Any CPU
		{1380AE32-234D-C5A1-8F82-231DAB6A4F81}.Release|Any CPU.Build.0 = Release|Any CPU
		{FCA8C1A1-E365-1E04-1A47-8BC26B359ED4}.Debug|Any CPU.ActiveCfg = Debug|Any CPU
		{FCA8C1A1-E365-1E04-1A47-8BC26B359ED4}.Debug|Any CPU.Build.0 = Debug|Any CPU
		{FCA8C1A1-E365-1E04-1A47-8BC26B359ED4}.Release|Any CPU.ActiveCfg = Release|Any CPU
		{FCA8C1A1-E365-1E04-1A47-8BC26B359ED4}.Release|Any CPU.Build.0 = Release|Any CPU
		{1EB22C32-B3B7-FEB7-18E5-D042745732FF}.Debug|Any CPU.ActiveCfg = Debug|Any CPU
		{1EB22C32-B3B7-FEB7-18E5-D042745732FF}.Debug|Any CPU.Build.0 = Debug|Any CPU
		{1EB22C32-B3B7-FEB7-18E5-D042745732FF}.Release|Any CPU.ActiveCfg = Release|Any CPU
		{1EB22C32-B3B7-FEB7-18E5-D042745732FF}.Release|Any CPU.Build.0 = Release|Any CPU
		{06C020A9-7E83-0BF7-31C8-F97AA5BD101F}.Debug|Any CPU.ActiveCfg = Debug|Any CPU
		{06C020A9-7E83-0BF7-31C8-F97AA5BD101F}.Debug|Any CPU.Build.0 = Debug|Any CPU
		{06C020A9-7E83-0BF7-31C8-F97AA5BD101F}.Release|Any CPU.ActiveCfg = Release|Any CPU
		{06C020A9-7E83-0BF7-31C8-F97AA5BD101F}.Release|Any CPU.Build.0 = Release|Any CPU
		{E55EDEF2-9095-F0E0-C900-33F30F991983}.Debug|Any CPU.ActiveCfg = Debug|Any CPU
		{E55EDEF2-9095-F0E0-C900-33F30F991983}.Debug|Any CPU.Build.0 = Debug|Any CPU
		{E55EDEF2-9095-F0E0-C900-33F30F991983}.Release|Any CPU.ActiveCfg = Release|Any CPU
		{E55EDEF2-9095-F0E0-C900-33F30F991983}.Release|Any CPU.Build.0 = Release|Any CPU
		{7ED35F3A-6E82-E4FD-4CB7-9073E3758E6D}.Debug|Any CPU.ActiveCfg = Debug|Any CPU
		{7ED35F3A-6E82-E4FD-4CB7-9073E3758E6D}.Debug|Any CPU.Build.0 = Debug|Any CPU
		{7ED35F3A-6E82-E4FD-4CB7-9073E3758E6D}.Release|Any CPU.ActiveCfg = Release|Any CPU
		{7ED35F3A-6E82-E4FD-4CB7-9073E3758E6D}.Release|Any CPU.Build.0 = Release|Any CPU
		{F32DE0D4-A7B1-4584-C5AB-70886BE6F60E}.Debug|Any CPU.ActiveCfg = Debug|Any CPU
		{F32DE0D4-A7B1-4584-C5AB-70886BE6F60E}.Debug|Any CPU.Build.0 = Debug|Any CPU
		{F32DE0D4-A7B1-4584-C5AB-70886BE6F60E}.Release|Any CPU.ActiveCfg = Release|Any CPU
		{F32DE0D4-A7B1-4584-C5AB-70886BE6F60E}.Release|Any CPU.Build.0 = Release|Any CPU
		{2B6EB196-95CD-9544-AF84-723C00D137E3}.Debug|Any CPU.ActiveCfg = Debug|Any CPU
		{2B6EB196-95CD-9544-AF84-723C00D137E3}.Debug|Any CPU.Build.0 = Debug|Any CPU
		{2B6EB196-95CD-9544-AF84-723C00D137E3}.Release|Any CPU.ActiveCfg = Release|Any CPU
		{2B6EB196-95CD-9544-AF84-723C00D137E3}.Release|Any CPU.Build.0 = Release|Any CPU
		{78E5DAE5-3DE8-A548-8F2A-8E4BFF418949}.Debug|Any CPU.ActiveCfg = Debug|Any CPU
		{78E5DAE5-3DE8-A548-8F2A-8E4BFF418949}.Debug|Any CPU.Build.0 = Debug|Any CPU
		{78E5DAE5-3DE8-A548-8F2A-8E4BFF418949}.Release|Any CPU.ActiveCfg = Release|Any CPU
		{78E5DAE5-3DE8-A548-8F2A-8E4BFF418949}.Release|Any CPU.Build.0 = Release|Any CPU
		{E440B87C-D7CB-0CBA-FFC5-56F4297B2175}.Debug|Any CPU.ActiveCfg = Debug|Any CPU
		{E440B87C-D7CB-0CBA-FFC5-56F4297B2175}.Debug|Any CPU.Build.0 = Debug|Any CPU
		{E440B87C-D7CB-0CBA-FFC5-56F4297B2175}.Release|Any CPU.ActiveCfg = Release|Any CPU
		{E440B87C-D7CB-0CBA-FFC5-56F4297B2175}.Release|Any CPU.Build.0 = Release|Any CPU
		{A3EB0A53-C49A-4718-F72B-6D5860C40092}.Debug|Any CPU.ActiveCfg = Debug|Any CPU
		{A3EB0A53-C49A-4718-F72B-6D5860C40092}.Debug|Any CPU.Build.0 = Debug|Any CPU
		{A3EB0A53-C49A-4718-F72B-6D5860C40092}.Release|Any CPU.ActiveCfg = Release|Any CPU
		{A3EB0A53-C49A-4718-F72B-6D5860C40092}.Release|Any CPU.Build.0 = Release|Any CPU
		{992B0627-5492-18BB-5DE5-56B475E11AAA}.Debug|Any CPU.ActiveCfg = Debug|Any CPU
		{992B0627-5492-18BB-5DE5-56B475E11AAA}.Debug|Any CPU.Build.0 = Debug|Any CPU
		{992B0627-5492-18BB-5DE5-56B475E11AAA}.Release|Any CPU.ActiveCfg = Release|Any CPU
		{992B0627-5492-18BB-5DE5-56B475E11AAA}.Release|Any CPU.Build.0 = Release|Any CPU
		{EC0EE633-BE6D-DF25-6200-E6081C72B330}.Debug|Any CPU.ActiveCfg = Debug|Any CPU
		{EC0EE633-BE6D-DF25-6200-E6081C72B330}.Debug|Any CPU.Build.0 = Debug|Any CPU
		{EC0EE633-BE6D-DF25-6200-E6081C72B330}.Release|Any CPU.ActiveCfg = Release|Any CPU
		{EC0EE633-BE6D-DF25-6200-E6081C72B330}.Release|Any CPU.Build.0 = Release|Any CPU
		{57AFEE2A-733E-4808-9E8F-494B89C02F61}.Debug|Any CPU.ActiveCfg = Debug|Any CPU
		{57AFEE2A-733E-4808-9E8F-494B89C02F61}.Debug|Any CPU.Build.0 = Debug|Any CPU
		{57AFEE2A-733E-4808-9E8F-494B89C02F61}.Release|Any CPU.ActiveCfg = Release|Any CPU
		{57AFEE2A-733E-4808-9E8F-494B89C02F61}.Release|Any CPU.Build.0 = Release|Any CPU
		{CA81CBA7-D55B-8024-B965-67AEC2CCECA3}.Debug|Any CPU.ActiveCfg = Debug|Any CPU
		{CA81CBA7-D55B-8024-B965-67AEC2CCECA3}.Debug|Any CPU.Build.0 = Debug|Any CPU
		{CA81CBA7-D55B-8024-B965-67AEC2CCECA3}.Release|Any CPU.ActiveCfg = Release|Any CPU
		{CA81CBA7-D55B-8024-B965-67AEC2CCECA3}.Release|Any CPU.Build.0 = Release|Any CPU
		{264314E9-A69B-B509-3FA2-3E446A828D55}.Debug|Any CPU.ActiveCfg = Debug|Any CPU
		{264314E9-A69B-B509-3FA2-3E446A828D55}.Debug|Any CPU.Build.0 = Debug|Any CPU
		{264314E9-A69B-B509-3FA2-3E446A828D55}.Release|Any CPU.ActiveCfg = Release|Any CPU
		{264314E9-A69B-B509-3FA2-3E446A828D55}.Release|Any CPU.Build.0 = Release|Any CPU
		{FB26C682-746A-7FCC-63C2-1BB7F8030506}.Debug|Any CPU.ActiveCfg = Debug|Any CPU
		{FB26C682-746A-7FCC-63C2-1BB7F8030506}.Debug|Any CPU.Build.0 = Debug|Any CPU
		{FB26C682-746A-7FCC-63C2-1BB7F8030506}.Release|Any CPU.ActiveCfg = Release|Any CPU
		{FB26C682-746A-7FCC-63C2-1BB7F8030506}.Release|Any CPU.Build.0 = Release|Any CPU
		{E72CD4AE-B0E8-7D11-BA85-8DA6DB60F33F}.Debug|Any CPU.ActiveCfg = Debug|Any CPU
		{E72CD4AE-B0E8-7D11-BA85-8DA6DB60F33F}.Debug|Any CPU.Build.0 = Debug|Any CPU
		{E72CD4AE-B0E8-7D11-BA85-8DA6DB60F33F}.Release|Any CPU.ActiveCfg = Release|Any CPU
		{E72CD4AE-B0E8-7D11-BA85-8DA6DB60F33F}.Release|Any CPU.Build.0 = Release|Any CPU
		{EBC1579C-E9E9-F3A8-42D1-76F430C639EB}.Debug|Any CPU.ActiveCfg = Debug|Any CPU
		{EBC1579C-E9E9-F3A8-42D1-76F430C639EB}.Debug|Any CPU.Build.0 = Debug|Any CPU
		{EBC1579C-E9E9-F3A8-42D1-76F430C639EB}.Release|Any CPU.ActiveCfg = Release|Any CPU
		{EBC1579C-E9E9-F3A8-42D1-76F430C639EB}.Release|Any CPU.Build.0 = Release|Any CPU
		{1E204BA3-D95B-D8A9-17EB-CE964283E0E1}.Debug|Any CPU.ActiveCfg = Debug|Any CPU
		{1E204BA3-D95B-D8A9-17EB-CE964283E0E1}.Debug|Any CPU.Build.0 = Debug|Any CPU
		{1E204BA3-D95B-D8A9-17EB-CE964283E0E1}.Release|Any CPU.ActiveCfg = Release|Any CPU
		{1E204BA3-D95B-D8A9-17EB-CE964283E0E1}.Release|Any CPU.Build.0 = Release|Any CPU
		{2D1AE2BC-A834-42AF-43C3-E7FC3FED1BFC}.Debug|Any CPU.ActiveCfg = Debug|Any CPU
		{2D1AE2BC-A834-42AF-43C3-E7FC3FED1BFC}.Debug|Any CPU.Build.0 = Debug|Any CPU
		{2D1AE2BC-A834-42AF-43C3-E7FC3FED1BFC}.Release|Any CPU.ActiveCfg = Release|Any CPU
		{2D1AE2BC-A834-42AF-43C3-E7FC3FED1BFC}.Release|Any CPU.Build.0 = Release|Any CPU
		{A050486A-87EA-FBA0-7CA2-DDF6644DD49F}.Debug|Any CPU.ActiveCfg = Debug|Any CPU
		{A050486A-87EA-FBA0-7CA2-DDF6644DD49F}.Debug|Any CPU.Build.0 = Debug|Any CPU
		{A050486A-87EA-FBA0-7CA2-DDF6644DD49F}.Release|Any CPU.ActiveCfg = Release|Any CPU
		{A050486A-87EA-FBA0-7CA2-DDF6644DD49F}.Release|Any CPU.Build.0 = Release|Any CPU
		{158D8D88-4AE9-8A6B-E30B-502AB20EBB87}.Debug|Any CPU.ActiveCfg = Debug|Any CPU
		{158D8D88-4AE9-8A6B-E30B-502AB20EBB87}.Debug|Any CPU.Build.0 = Debug|Any CPU
		{158D8D88-4AE9-8A6B-E30B-502AB20EBB87}.Release|Any CPU.ActiveCfg = Release|Any CPU
		{158D8D88-4AE9-8A6B-E30B-502AB20EBB87}.Release|Any CPU.Build.0 = Release|Any CPU
		{86BAD2DC-BC1F-0FCA-2ADF-83CE4F9BF117}.Debug|Any CPU.ActiveCfg = Debug|Any CPU
		{86BAD2DC-BC1F-0FCA-2ADF-83CE4F9BF117}.Debug|Any CPU.Build.0 = Debug|Any CPU
		{86BAD2DC-BC1F-0FCA-2ADF-83CE4F9BF117}.Release|Any CPU.ActiveCfg = Release|Any CPU
		{86BAD2DC-BC1F-0FCA-2ADF-83CE4F9BF117}.Release|Any CPU.Build.0 = Release|Any CPU
		{0FEC3CCC-799D-BB03-531E-A720F532D6D4}.Debug|Any CPU.ActiveCfg = Debug|Any CPU
		{0FEC3CCC-799D-BB03-531E-A720F532D6D4}.Debug|Any CPU.Build.0 = Debug|Any CPU
		{0FEC3CCC-799D-BB03-531E-A720F532D6D4}.Release|Any CPU.ActiveCfg = Release|Any CPU
		{0FEC3CCC-799D-BB03-531E-A720F532D6D4}.Release|Any CPU.Build.0 = Release|Any CPU
		{58995E64-4DE6-A48E-33BF-C7788AD3DA4D}.Debug|Any CPU.ActiveCfg = Debug|Any CPU
		{58995E64-4DE6-A48E-33BF-C7788AD3DA4D}.Debug|Any CPU.Build.0 = Debug|Any CPU
		{58995E64-4DE6-A48E-33BF-C7788AD3DA4D}.Release|Any CPU.ActiveCfg = Release|Any CPU
		{58995E64-4DE6-A48E-33BF-C7788AD3DA4D}.Release|Any CPU.Build.0 = Release|Any CPU
		{634EE86F-4F3E-0A0F-F44E-2038F646CBF3}.Debug|Any CPU.ActiveCfg = Debug|Any CPU
		{634EE86F-4F3E-0A0F-F44E-2038F646CBF3}.Debug|Any CPU.Build.0 = Debug|Any CPU
		{634EE86F-4F3E-0A0F-F44E-2038F646CBF3}.Release|Any CPU.ActiveCfg = Release|Any CPU
		{634EE86F-4F3E-0A0F-F44E-2038F646CBF3}.Release|Any CPU.Build.0 = Release|Any CPU
		{799A17AD-4C29-0579-40DE-7339CBD9BCDE}.Debug|Any CPU.ActiveCfg = Debug|Any CPU
		{799A17AD-4C29-0579-40DE-7339CBD9BCDE}.Debug|Any CPU.Build.0 = Debug|Any CPU
		{799A17AD-4C29-0579-40DE-7339CBD9BCDE}.Release|Any CPU.ActiveCfg = Release|Any CPU
		{799A17AD-4C29-0579-40DE-7339CBD9BCDE}.Release|Any CPU.Build.0 = Release|Any CPU
		{6881D36B-ED82-DAA2-B288-52AEB830D707}.Debug|Any CPU.ActiveCfg = Debug|Any CPU
		{6881D36B-ED82-DAA2-B288-52AEB830D707}.Debug|Any CPU.Build.0 = Debug|Any CPU
		{6881D36B-ED82-DAA2-B288-52AEB830D707}.Release|Any CPU.ActiveCfg = Release|Any CPU
		{6881D36B-ED82-DAA2-B288-52AEB830D707}.Release|Any CPU.Build.0 = Release|Any CPU
		{84B263B5-E437-2037-CAA0-CBD64BD5DBBC}.Debug|Any CPU.ActiveCfg = Debug|Any CPU
		{84B263B5-E437-2037-CAA0-CBD64BD5DBBC}.Debug|Any CPU.Build.0 = Debug|Any CPU
		{84B263B5-E437-2037-CAA0-CBD64BD5DBBC}.Release|Any CPU.ActiveCfg = Release|Any CPU
		{84B263B5-E437-2037-CAA0-CBD64BD5DBBC}.Release|Any CPU.Build.0 = Release|Any CPU
		{13B3B652-D8CB-D91E-0E69-515483E25EC7}.Debug|Any CPU.ActiveCfg = Debug|Any CPU
		{13B3B652-D8CB-D91E-0E69-515483E25EC7}.Debug|Any CPU.Build.0 = Debug|Any CPU
		{13B3B652-D8CB-D91E-0E69-515483E25EC7}.Release|Any CPU.ActiveCfg = Release|Any CPU
		{13B3B652-D8CB-D91E-0E69-515483E25EC7}.Release|Any CPU.Build.0 = Release|Any CPU
		{A0610133-3243-CB74-7105-9272D78402C6}.Debug|Any CPU.ActiveCfg = Debug|Any CPU
		{A0610133-3243-CB74-7105-9272D78402C6}.Debug|Any CPU.Build.0 = Debug|Any CPU
		{A0610133-3243-CB74-7105-9272D78402C6}.Release|Any CPU.ActiveCfg = Release|Any CPU
		{A0610133-3243-CB74-7105-9272D78402C6}.Release|Any CPU.Build.0 = Release|Any CPU
		{495359C8-A040-362D-A507-44CFB18BD153}.Debug|Any CPU.ActiveCfg = Debug|Any CPU
		{495359C8-A040-362D-A507-44CFB18BD153}.Debug|Any CPU.Build.0 = Debug|Any CPU
		{495359C8-A040-362D-A507-44CFB18BD153}.Release|Any CPU.ActiveCfg = Release|Any CPU
		{495359C8-A040-362D-A507-44CFB18BD153}.Release|Any CPU.Build.0 = Release|Any CPU
		{4684ED35-14D0-9A83-BD07-393DDD322B50}.Debug|Any CPU.ActiveCfg = Debug|Any CPU
		{4684ED35-14D0-9A83-BD07-393DDD322B50}.Debug|Any CPU.Build.0 = Debug|Any CPU
		{4684ED35-14D0-9A83-BD07-393DDD322B50}.Release|Any CPU.ActiveCfg = Release|Any CPU
		{4684ED35-14D0-9A83-BD07-393DDD322B50}.Release|Any CPU.Build.0 = Release|Any CPU
		{6FCB5FE9-F124-B4C3-77E1-71A44501F6DE}.Debug|Any CPU.ActiveCfg = Debug|Any CPU
		{6FCB5FE9-F124-B4C3-77E1-71A44501F6DE}.Debug|Any CPU.Build.0 = Debug|Any CPU
		{6FCB5FE9-F124-B4C3-77E1-71A44501F6DE}.Release|Any CPU.ActiveCfg = Release|Any CPU
		{6FCB5FE9-F124-B4C3-77E1-71A44501F6DE}.Release|Any CPU.Build.0 = Release|Any CPU
		{14BE4A24-DD8E-C147-7B8F-C40DF72362B4}.Debug|Any CPU.ActiveCfg = Debug|Any CPU
		{14BE4A24-DD8E-C147-7B8F-C40DF72362B4}.Debug|Any CPU.Build.0 = Debug|Any CPU
		{14BE4A24-DD8E-C147-7B8F-C40DF72362B4}.Release|Any CPU.ActiveCfg = Release|Any CPU
		{14BE4A24-DD8E-C147-7B8F-C40DF72362B4}.Release|Any CPU.Build.0 = Release|Any CPU
		{F88D59A8-A4F3-8B33-FA8E-DD1F90030CE3}.Debug|Any CPU.ActiveCfg = Debug|Any CPU
		{F88D59A8-A4F3-8B33-FA8E-DD1F90030CE3}.Debug|Any CPU.Build.0 = Debug|Any CPU
		{F88D59A8-A4F3-8B33-FA8E-DD1F90030CE3}.Release|Any CPU.ActiveCfg = Release|Any CPU
		{F88D59A8-A4F3-8B33-FA8E-DD1F90030CE3}.Release|Any CPU.Build.0 = Release|Any CPU
		{D743163F-1D13-BD8E-5F56-1C80C9B0B495}.Debug|Any CPU.ActiveCfg = Debug|Any CPU
		{D743163F-1D13-BD8E-5F56-1C80C9B0B495}.Debug|Any CPU.Build.0 = Debug|Any CPU
		{D743163F-1D13-BD8E-5F56-1C80C9B0B495}.Release|Any CPU.ActiveCfg = Release|Any CPU
		{D743163F-1D13-BD8E-5F56-1C80C9B0B495}.Release|Any CPU.Build.0 = Release|Any CPU
		{9173A347-9A77-7831-2BBD-93E1A311C92E}.Debug|Any CPU.ActiveCfg = Debug|Any CPU
		{9173A347-9A77-7831-2BBD-93E1A311C92E}.Debug|Any CPU.Build.0 = Debug|Any CPU
		{9173A347-9A77-7831-2BBD-93E1A311C92E}.Release|Any CPU.ActiveCfg = Release|Any CPU
		{9173A347-9A77-7831-2BBD-93E1A311C92E}.Release|Any CPU.Build.0 = Release|Any CPU
		{7B0FBD96-C122-56E6-335F-1544AC36FFF3}.Debug|Any CPU.ActiveCfg = Debug|Any CPU
		{7B0FBD96-C122-56E6-335F-1544AC36FFF3}.Debug|Any CPU.Build.0 = Debug|Any CPU
		{7B0FBD96-C122-56E6-335F-1544AC36FFF3}.Release|Any CPU.ActiveCfg = Release|Any CPU
		{7B0FBD96-C122-56E6-335F-1544AC36FFF3}.Release|Any CPU.Build.0 = Release|Any CPU
		{53303318-168B-EF36-4605-57CD7F6D6D60}.Debug|Any CPU.ActiveCfg = Debug|Any CPU
		{53303318-168B-EF36-4605-57CD7F6D6D60}.Debug|Any CPU.Build.0 = Debug|Any CPU
		{53303318-168B-EF36-4605-57CD7F6D6D60}.Release|Any CPU.ActiveCfg = Release|Any CPU
		{53303318-168B-EF36-4605-57CD7F6D6D60}.Release|Any CPU.Build.0 = Release|Any CPU
		{E3DC52DF-EE26-5C03-DDF5-3CA5D7E4492D}.Debug|Any CPU.ActiveCfg = Debug|Any CPU
		{E3DC52DF-EE26-5C03-DDF5-3CA5D7E4492D}.Debug|Any CPU.Build.0 = Debug|Any CPU
		{E3DC52DF-EE26-5C03-DDF5-3CA5D7E4492D}.Release|Any CPU.ActiveCfg = Release|Any CPU
		{E3DC52DF-EE26-5C03-DDF5-3CA5D7E4492D}.Release|Any CPU.Build.0 = Release|Any CPU
		{9E2F117E-DE15-C9A5-13D5-E88887D03547}.Debug|Any CPU.ActiveCfg = Debug|Any CPU
		{9E2F117E-DE15-C9A5-13D5-E88887D03547}.Debug|Any CPU.Build.0 = Debug|Any CPU
		{9E2F117E-DE15-C9A5-13D5-E88887D03547}.Release|Any CPU.ActiveCfg = Release|Any CPU
		{9E2F117E-DE15-C9A5-13D5-E88887D03547}.Release|Any CPU.Build.0 = Release|Any CPU
		{5247568F-1575-37CF-6FA5-602F8AAB03B3}.Debug|Any CPU.ActiveCfg = Debug|Any CPU
		{5247568F-1575-37CF-6FA5-602F8AAB03B3}.Debug|Any CPU.Build.0 = Debug|Any CPU
		{5247568F-1575-37CF-6FA5-602F8AAB03B3}.Release|Any CPU.ActiveCfg = Release|Any CPU
		{5247568F-1575-37CF-6FA5-602F8AAB03B3}.Release|Any CPU.Build.0 = Release|Any CPU
		{8B1EAD92-1F50-AB43-F9D5-2BBE89627B4A}.Debug|Any CPU.ActiveCfg = Debug|Any CPU
		{8B1EAD92-1F50-AB43-F9D5-2BBE89627B4A}.Debug|Any CPU.Build.0 = Debug|Any CPU
		{8B1EAD92-1F50-AB43-F9D5-2BBE89627B4A}.Release|Any CPU.ActiveCfg = Release|Any CPU
		{8B1EAD92-1F50-AB43-F9D5-2BBE89627B4A}.Release|Any CPU.Build.0 = Release|Any CPU
		{B7C02BA2-FAB7-0876-FC3A-BECA8C19DE7B}.Debug|Any CPU.ActiveCfg = Debug|Any CPU
		{B7C02BA2-FAB7-0876-FC3A-BECA8C19DE7B}.Debug|Any CPU.Build.0 = Debug|Any CPU
		{B7C02BA2-FAB7-0876-FC3A-BECA8C19DE7B}.Release|Any CPU.ActiveCfg = Release|Any CPU
		{B7C02BA2-FAB7-0876-FC3A-BECA8C19DE7B}.Release|Any CPU.Build.0 = Release|Any CPU
		{FB228B7D-3A62-0098-D944-3D04D10D6C92}.Debug|Any CPU.ActiveCfg = Debug|Any CPU
		{FB228B7D-3A62-0098-D944-3D04D10D6C92}.Debug|Any CPU.Build.0 = Debug|Any CPU
		{FB228B7D-3A62-0098-D944-3D04D10D6C92}.Release|Any CPU.ActiveCfg = Release|Any CPU
		{FB228B7D-3A62-0098-D944-3D04D10D6C92}.Release|Any CPU.Build.0 = Release|Any CPU
		{304358ED-E1C9-1CEF-EC55-4788E6E9E613}.Debug|Any CPU.ActiveCfg = Debug|Any CPU
		{304358ED-E1C9-1CEF-EC55-4788E6E9E613}.Debug|Any CPU.Build.0 = Debug|Any CPU
		{304358ED-E1C9-1CEF-EC55-4788E6E9E613}.Release|Any CPU.ActiveCfg = Release|Any CPU
		{304358ED-E1C9-1CEF-EC55-4788E6E9E613}.Release|Any CPU.Build.0 = Release|Any CPU
		{2D23B276-2356-4B35-8A61-94BCCD68AEB6}.Debug|Any CPU.ActiveCfg = Debug|Any CPU
		{2D23B276-2356-4B35-8A61-94BCCD68AEB6}.Debug|Any CPU.Build.0 = Debug|Any CPU
		{2D23B276-2356-4B35-8A61-94BCCD68AEB6}.Release|Any CPU.ActiveCfg = Release|Any CPU
		{2D23B276-2356-4B35-8A61-94BCCD68AEB6}.Release|Any CPU.Build.0 = Release|Any CPU
		{BEC71437-0CD4-487D-9423-D70A3B4E8896}.Debug|Any CPU.ActiveCfg = Debug|Any CPU
		{BEC71437-0CD4-487D-9423-D70A3B4E8896}.Debug|Any CPU.Build.0 = Debug|Any CPU
		{BEC71437-0CD4-487D-9423-D70A3B4E8896}.Release|Any CPU.ActiveCfg = Release|Any CPU
		{BEC71437-0CD4-487D-9423-D70A3B4E8896}.Release|Any CPU.Build.0 = Release|Any CPU
		{82FB905B-4A58-A0F5-9573-C9E1045D3168}.Debug|Any CPU.ActiveCfg = Debug|Any CPU
		{82FB905B-4A58-A0F5-9573-C9E1045D3168}.Debug|Any CPU.Build.0 = Debug|Any CPU
		{82FB905B-4A58-A0F5-9573-C9E1045D3168}.Release|Any CPU.ActiveCfg = Release|Any CPU
		{82FB905B-4A58-A0F5-9573-C9E1045D3168}.Release|Any CPU.Build.0 = Release|Any CPU
		{20CBB8A6-0F8C-8085-3CD6-67A4E75C567F}.Debug|Any CPU.ActiveCfg = Debug|Any CPU
		{20CBB8A6-0F8C-8085-3CD6-67A4E75C567F}.Debug|Any CPU.Build.0 = Debug|Any CPU
		{20CBB8A6-0F8C-8085-3CD6-67A4E75C567F}.Release|Any CPU.ActiveCfg = Release|Any CPU
		{20CBB8A6-0F8C-8085-3CD6-67A4E75C567F}.Release|Any CPU.Build.0 = Release|Any CPU
		{1725EA60-D083-6EEB-8A2A-319C6D088F15}.Debug|Any CPU.ActiveCfg = Debug|Any CPU
		{1725EA60-D083-6EEB-8A2A-319C6D088F15}.Debug|Any CPU.Build.0 = Debug|Any CPU
		{1725EA60-D083-6EEB-8A2A-319C6D088F15}.Release|Any CPU.ActiveCfg = Release|Any CPU
		{1725EA60-D083-6EEB-8A2A-319C6D088F15}.Release|Any CPU.Build.0 = Release|Any CPU
		{B63B4F4C-3378-9C4E-EF1E-9CF13E1FAF41}.Debug|Any CPU.ActiveCfg = Debug|Any CPU
		{B63B4F4C-3378-9C4E-EF1E-9CF13E1FAF41}.Debug|Any CPU.Build.0 = Debug|Any CPU
		{B63B4F4C-3378-9C4E-EF1E-9CF13E1FAF41}.Release|Any CPU.ActiveCfg = Release|Any CPU
		{B63B4F4C-3378-9C4E-EF1E-9CF13E1FAF41}.Release|Any CPU.Build.0 = Release|Any CPU
		{177D6C40-14C1-9FD1-6717-CF65D9D2B176}.Debug|Any CPU.ActiveCfg = Debug|Any CPU
		{177D6C40-14C1-9FD1-6717-CF65D9D2B176}.Debug|Any CPU.Build.0 = Debug|Any CPU
		{177D6C40-14C1-9FD1-6717-CF65D9D2B176}.Release|Any CPU.ActiveCfg = Release|Any CPU
		{177D6C40-14C1-9FD1-6717-CF65D9D2B176}.Release|Any CPU.Build.0 = Release|Any CPU
		{C956A10F-96DF-F480-19C7-E459FBEB63AC}.Debug|Any CPU.ActiveCfg = Debug|Any CPU
		{C956A10F-96DF-F480-19C7-E459FBEB63AC}.Debug|Any CPU.Build.0 = Debug|Any CPU
		{C956A10F-96DF-F480-19C7-E459FBEB63AC}.Release|Any CPU.ActiveCfg = Release|Any CPU
		{C956A10F-96DF-F480-19C7-E459FBEB63AC}.Release|Any CPU.Build.0 = Release|Any CPU
		{CF55C403-CDA1-BF87-1024-A589F8D790D2}.Debug|Any CPU.ActiveCfg = Debug|Any CPU
		{CF55C403-CDA1-BF87-1024-A589F8D790D2}.Debug|Any CPU.Build.0 = Debug|Any CPU
		{CF55C403-CDA1-BF87-1024-A589F8D790D2}.Release|Any CPU.ActiveCfg = Release|Any CPU
		{CF55C403-CDA1-BF87-1024-A589F8D790D2}.Release|Any CPU.Build.0 = Release|Any CPU
		{84414DE9-90CF-74DF-EC36-0CD55A0C479C}.Debug|Any CPU.ActiveCfg = Debug|Any CPU
		{84414DE9-90CF-74DF-EC36-0CD55A0C479C}.Debug|Any CPU.Build.0 = Debug|Any CPU
		{84414DE9-90CF-74DF-EC36-0CD55A0C479C}.Release|Any CPU.ActiveCfg = Release|Any CPU
		{84414DE9-90CF-74DF-EC36-0CD55A0C479C}.Release|Any CPU.Build.0 = Release|Any CPU
		{454468E0-215B-C777-09D7-8F561FA982F0}.Debug|Any CPU.ActiveCfg = Debug|Any CPU
		{454468E0-215B-C777-09D7-8F561FA982F0}.Debug|Any CPU.Build.0 = Debug|Any CPU
		{454468E0-215B-C777-09D7-8F561FA982F0}.Release|Any CPU.ActiveCfg = Release|Any CPU
		{454468E0-215B-C777-09D7-8F561FA982F0}.Release|Any CPU.Build.0 = Release|Any CPU
	EndGlobalSection
	GlobalSection(SolutionProperties) = preSolution
		HideSolutionNode = FALSE
	EndGlobalSection
EndGlobal
