
Microsoft Visual Studio Solution File, Format Version 12.00
# Visual Studio 15
Project("{FAE04EC0-301F-11D3-BF4B-00C04F79EFBC}") = "Unity.Timeline", "Unity.Timeline.csproj", "{C2A842E1-2BB1-1E2A-2A09-58E6D0810E67}"
EndProject
Project("{FAE04EC0-301F-11D3-BF4B-00C04F79EFBC}") = "Unity.RenderPipelines.GPUDriven.Runtime", "Unity.RenderPipelines.GPUDriven.Runtime.csproj", "{C3E56596-B27D-FFA6-A9A1-BA1B82154C47}"
EndProject
Project("{FAE04EC0-301F-11D3-BF4B-00C04F79EFBC}") = "Meta.XR.MultiplayerBlocks.Shared", "Meta.XR.MultiplayerBlocks.Shared.csproj", "{76167C1D-E233-C870-327E-4DA8126701C8}"
EndProject
Project("{FAE04EC0-301F-11D3-BF4B-00C04F79EFBC}") = "Unity.PlasticSCM.Editor", "Unity.PlasticSCM.Editor.csproj", "{6E423942-C5B3-D7D9-A2B4-EEC95CDF01DE}"
EndProject
Project("{FAE04EC0-301F-11D3-BF4B-00C04F79EFBC}") = "Unity.ShaderGraph.Editor", "Unity.ShaderGraph.Editor.csproj", "{F4C4AA38-F5B7-A83C-B7BE-EE27EE4BD5A1}"
EndProject
Project("{FAE04EC0-301F-11D3-BF4B-00C04F79EFBC}") = "Meta.XR.BuildingBlocks", "Meta.XR.BuildingBlocks.csproj", "{E18E4E7D-7C7E-3B3E-27FF-E8E3923EA6E2}"
EndProject
Project("{FAE04EC0-301F-11D3-BF4B-00C04F79EFBC}") = "Unity.RenderPipelines.Core.Runtime", "Unity.RenderPipelines.Core.Runtime.csproj", "{184EFD28-6105-8B98-DE2C-749413816D1D}"
EndProject
Project("{FAE04EC0-301F-11D3-BF4B-00C04F79EFBC}") = "Unity.Timeline.Editor", "Unity.Timeline.Editor.csproj", "{A39E6D8D-CA0C-218A-7C56-25CF55F71822}"
EndProject
Project("{FAE04EC0-301F-11D3-BF4B-00C04F79EFBC}") = "Unity.Multiplayer.Center.Editor", "Unity.Multiplayer.Center.Editor.csproj", "{56E43910-5A2A-3149-06A4-229BEEE141C3}"
EndProject
Project("{FAE04EC0-301F-11D3-BF4B-00C04F79EFBC}") = "Unity.Mathematics", "Unity.Mathematics.csproj", "{249EB28F-3B44-2B16-445D-B6467EE747F9}"
EndProject
Project("{FAE04EC0-301F-11D3-BF4B-00C04F79EFBC}") = "Unity.RenderPipelines.Core.Editor", "Unity.RenderPipelines.Core.Editor.csproj", "{BD1FFAF8-5459-CA75-9D27-780B3B09203B}"
EndProject
Project("{FAE04EC0-301F-11D3-BF4B-00C04F79EFBC}") = "Meta.XR.BuildingBlocks.Editor", "Meta.XR.BuildingBlocks.Editor.csproj", "{304D7B3C-A25E-2F8A-C211-2507F5B14239}"
EndProject
Project("{FAE04EC0-301F-11D3-BF4B-00C04F79EFBC}") = "Unity.Collections", "Unity.Collections.csproj", "{4BFACC22-2736-FFF8-1DAF-17E53AC4A262}"
EndProject
Project("{FAE04EC0-301F-11D3-BF4B-00C04F79EFBC}") = "UnityEngine.UI", "UnityEngine.UI.csproj", "{2C47E134-B9ED-051C-F396-1728AEACC06E}"
EndProject
Project("{FAE04EC0-301F-11D3-BF4B-00C04F79EFBC}") = "Unity.RenderPipelines.Universal.2D.Runtime", "Unity.RenderPipelines.Universal.2D.Runtime.csproj", "{4DC7E4D6-DFD5-B005-93F4-0B55904C8BEC}"
EndProject
Project("{FAE04EC0-301F-11D3-BF4B-00C04F79EFBC}") = "Unity.VisualScripting.Core.Editor", "Unity.VisualScripting.Core.Editor.csproj", "{487BCCB6-5184-1D37-90D8-D1D7E302DFB2}"
EndProject
Project("{FAE04EC0-301F-11D3-BF4B-00C04F79EFBC}") = "Unity.RenderPipelines.Universal.Editor", "Unity.RenderPipelines.Universal.Editor.csproj", "{19CB057A-9F59-068D-A8BF-E3391883DDBE}"
EndProject
Project("{FAE04EC0-301F-11D3-BF4B-00C04F79EFBC}") = "Unity.PerformanceTesting.Editor", "Unity.PerformanceTesting.Editor.csproj", "{1D65CE18-4F94-EFFE-ACF9-34726188743C}"
EndProject
Project("{FAE04EC0-301F-11D3-BF4B-00C04F79EFBC}") = "UnityEngine.TestRunner", "UnityEngine.TestRunner.csproj", "{F96509CA-A1D6-91E6-EDB6-2C2760295015}"
EndProject
Project("{FAE04EC0-301F-11D3-BF4B-00C04F79EFBC}") = "Oculus.VR", "Oculus.VR.csproj", "{77E753D4-1AFC-0AF1-9BC2-1BEB2C30F3D4}"
EndProject
Project("{FAE04EC0-301F-11D3-BF4B-00C04F79EFBC}") = "Oculus.Interaction", "Oculus.Interaction.csproj", "{260E23A8-0CA1-2E29-AB12-930C0A55D1F7}"
EndProject
Project("{FAE04EC0-301F-11D3-BF4B-00C04F79EFBC}") = "Unity.Burst", "Unity.Burst.csproj", "{0E29B462-E094-2E7D-90EB-DB8A5714D569}"
EndProject
Project("{FAE04EC0-301F-11D3-BF4B-00C04F79EFBC}") = "Oculus.VR.Editor", "Oculus.VR.Editor.csproj", "{582DA25C-F92D-9919-B244-6F8558B00C03}"
EndProject
Project("{FAE04EC0-301F-11D3-BF4B-00C04F79EFBC}") = "Unity.VisualScripting.Flow.Editor", "Unity.VisualScripting.Flow.Editor.csproj", "{8415D93E-CD04-C70A-5EEF-11F9339411DE}"
EndProject
Project("{FAE04EC0-301F-11D3-BF4B-00C04F79EFBC}") = "Oculus.VR.Scripts.Editor", "Oculus.VR.Scripts.Editor.csproj", "{D3B3617A-4799-E94F-1485-DED4DE5B1FBD}"
EndProject
Project("{FAE04EC0-301F-11D3-BF4B-00C04F79EFBC}") = "Unity.VisualStudio.Editor", "Unity.VisualStudio.Editor.csproj", "{45B115F3-766D-489F-718D-F71AF4536F30}"
EndProject
Project("{FAE04EC0-301F-11D3-BF4B-00C04F79EFBC}") = "Unity.InputSystem", "Unity.InputSystem.csproj", "{4812F1D0-3087-D816-AFBE-856AB46D64AC}"
EndProject
Project("{FAE04EC0-301F-11D3-BF4B-00C04F79EFBC}") = "PPv2URPConverters", "PPv2URPConverters.csproj", "{C6F21DAB-4EA4-F34A-E32B-A27144CCF536}"
EndProject
Project("{FAE04EC0-301F-11D3-BF4B-00C04F79EFBC}") = "Meta.XR.ImmersiveDebugger", "Meta.XR.ImmersiveDebugger.csproj", "{4E1EF252-0FE1-F91A-B845-C8D09CBC032F}"
EndProject
Project("{FAE04EC0-301F-11D3-BF4B-00C04F79EFBC}") = "Unity.XR.OpenXR", "Unity.XR.OpenXR.csproj", "{71D356AA-C9DD-DBDA-456F-A5E82612B19D}"
EndProject
Project("{FAE04EC0-301F-11D3-BF4B-00C04F79EFBC}") = "Unity.XR.CoreUtils", "Unity.XR.CoreUtils.csproj", "{86C7EFB0-F7A0-4D34-2D28-81BB18D05BBC}"
EndProject
Project("{FAE04EC0-301F-11D3-BF4B-00C04F79EFBC}") = "Unity.Searcher.Editor", "Unity.Searcher.Editor.csproj", "{27D4B9FD-FA83-3093-8690-9B67200B338B}"
EndProject
Project("{FAE04EC0-301F-11D3-BF4B-00C04F79EFBC}") = "Oculus.Interaction.Samples", "Oculus.Interaction.Samples.csproj", "{9C72109D-FCC5-5878-272E-0E7B89565903}"
EndProject
Project("{FAE04EC0-301F-11D3-BF4B-00C04F79EFBC}") = "UnityEditor.TestRunner", "UnityEditor.TestRunner.csproj", "{B4BA0D61-03D3-9D98-980B-2E7921973E7A}"
EndProject
Project("{FAE04EC0-301F-11D3-BF4B-00C04F79EFBC}") = "Unity.VisualScripting.Core", "Unity.VisualScripting.Core.csproj", "{FC672D9C-1AB6-47A9-2776-AE2F4F1B4E9C}"
EndProject
Project("{FAE04EC0-301F-11D3-BF4B-00C04F79EFBC}") = "Unity.RenderPipelines.Universal.Runtime", "Unity.RenderPipelines.Universal.Runtime.csproj", "{B60698FF-2C2D-807F-9AD9-8D71AA78595A}"
EndProject
Project("{FAE04EC0-301F-11D3-BF4B-00C04F79EFBC}") = "Oculus.Interaction.Editor", "Oculus.Interaction.Editor.csproj", "{25196A81-5CF4-49D3-1A84-7475109C2BF9}"
EndProject
Project("{FAE04EC0-301F-11D3-BF4B-00C04F79EFBC}") = "Unity.CollabProxy.Editor", "Unity.CollabProxy.Editor.csproj", "{621EF68C-70E8-B809-BAFE-29A729AB51AB}"
EndProject
Project("{FAE04EC0-301F-11D3-BF4B-00C04F79EFBC}") = "Oculus.Interaction.OVR", "Oculus.Interaction.OVR.csproj", "{8674446A-F93A-4D3C-CFC0-08C4319284B8}"
EndProject
Project("{FAE04EC0-301F-11D3-BF4B-00C04F79EFBC}") = "Unity.AI.Navigation.Editor.ConversionSystem", "Unity.AI.Navigation.Editor.ConversionSystem.csproj", "{E2484F18-ABC5-86A7-1C30-F8B8A1253071}"
EndProject
Project("{FAE04EC0-301F-11D3-BF4B-00C04F79EFBC}") = "Unity.VisualScripting.State.Editor", "Unity.VisualScripting.State.Editor.csproj", "{B993E21D-DA08-47B2-A749-58212CC38F43}"
EndProject
Project("{FAE04EC0-301F-11D3-BF4B-00C04F79EFBC}") = "Unity.Burst.CodeGen", "Unity.Burst.CodeGen.csproj", "{AC8DA9C9-59D6-CB8E-A632-6FC0F5C2346C}"
EndProject
Project("{FAE04EC0-301F-11D3-BF4B-00C04F79EFBC}") = "Unity.VisualScripting.Flow", "Unity.VisualScripting.Flow.csproj", "{CCE4BDFC-E790-9763-9EBA-4062F1DD556F}"
EndProject
Project("{FAE04EC0-301F-11D3-BF4B-00C04F79EFBC}") = "Unity.PerformanceTesting", "Unity.PerformanceTesting.csproj", "{D158BE84-195B-D39A-FDB5-2B9653A7F01D}"
EndProject
Project("{FAE04EC0-301F-11D3-BF4B-00C04F79EFBC}") = "Unity.TextMeshPro", "Unity.TextMeshPro.csproj", "{7C0BCEEA-8644-B7FC-5EA3-37E5E32D080A}"
EndProject
Project("{FAE04EC0-301F-11D3-BF4B-00C04F79EFBC}") = "Unity.TextMeshPro.Editor", "Unity.TextMeshPro.Editor.csproj", "{2F3DF1E6-B2DC-09BC-14AB-E578DC5A0AB3}"
EndProject
Project("{FAE04EC0-301F-11D3-BF4B-00C04F79EFBC}") = "Unity.Rendering.LightTransport.Runtime", "Unity.Rendering.LightTransport.Runtime.csproj", "{0E662B10-4124-8A58-3117-A78A0E6C932F}"
EndProject
Project("{FAE04EC0-301F-11D3-BF4B-00C04F79EFBC}") = "Oculus.Interaction.OVR.Editor", "Oculus.Interaction.OVR.Editor.csproj", "{4DA535D6-F1E2-CEAF-634A-0A6319A4CD33}"
EndProject
Project("{FAE04EC0-301F-11D3-BF4B-00C04F79EFBC}") = "Unity.Burst.Editor", "Unity.Burst.Editor.csproj", "{C3F14FF3-1AA1-32A3-D1BE-F226DE3EBD75}"
EndProject
Project("{FAE04EC0-301F-11D3-BF4B-00C04F79EFBC}") = "Meta.XR.Editor.Tags", "Meta.XR.Editor.Tags.csproj", "{E67AE577-9792-31AD-3702-FA4B12D7F01B}"
EndProject
Project("{FAE04EC0-301F-11D3-BF4B-00C04F79EFBC}") = "Unity.Rider.Editor", "Unity.Rider.Editor.csproj", "{6A30EF1B-2608-D5E4-C050-634A09A03CAA}"
EndProject
Project("{FAE04EC0-301F-11D3-BF4B-00C04F79EFBC}") = "Unity.VisualScripting.State", "Unity.VisualScripting.State.csproj", "{3D39E273-7F2E-ADC4-F171-E7BC2A25DB33}"
EndProject
Project("{FAE04EC0-301F-11D3-BF4B-00C04F79EFBC}") = "Meta.XR.Editor.TelemetryUI", "Meta.XR.Editor.TelemetryUI.csproj", "{E7669BD7-89B6-5F9F-172F-7E5F7D4AE0D0}"
EndProject
Project("{FAE04EC0-301F-11D3-BF4B-00C04F79EFBC}") = "Meta.XR.MultiplayerBlocks.Fusion.Editor", "Meta.XR.MultiplayerBlocks.Fusion.Editor.csproj", "{2689A5E5-5E78-84A6-1BE9-7BED944A9FED}"
EndProject
Project("{FAE04EC0-301F-11D3-BF4B-00C04F79EFBC}") = "Unity.AI.Navigation.Updater", "Unity.AI.Navigation.Updater.csproj", "{7998CDA0-D73E-16FB-DE1B-3940A1FF1507}"
EndProject
Project("{FAE04EC0-301F-11D3-BF4B-00C04F79EFBC}") = "Meta.XR.Editor.ToolingSupport", "Meta.XR.Editor.ToolingSupport.csproj", "{DE97ADF2-DC97-56CE-58DA-B79616C4C182}"
EndProject
Project("{FAE04EC0-301F-11D3-BF4B-00C04F79EFBC}") = "Unity.XR.Management.Editor", "Unity.XR.Management.Editor.csproj", "{D252699E-F881-6B96-3694-A4133C929E1A}"
EndProject
Project("{FAE04EC0-301F-11D3-BF4B-00C04F79EFBC}") = "Oculus.Interaction.OVR.Samples", "Oculus.Interaction.OVR.Samples.csproj", "{890CF226-D37A-913F-C088-6C92481E203B}"
EndProject
Project("{FAE04EC0-301F-11D3-BF4B-00C04F79EFBC}") = "UnityEditor.UI", "UnityEditor.UI.csproj", "{B037B9D6-023C-3ED9-1E5C-153C6C932477}"
EndProject
Project("{FAE04EC0-301F-11D3-BF4B-00C04F79EFBC}") = "Meta.XR.Editor.PlayCompanion", "Meta.XR.Editor.PlayCompanion.csproj", "{2128BFF6-9B99-30F1-6902-3A624E2315EA}"
EndProject
Project("{FAE04EC0-301F-11D3-BF4B-00C04F79EFBC}") = "Meta.XR.Editor.Reflection", "Meta.XR.Editor.Reflection.csproj", "{A37E40B3-4E7A-F932-6E2A-E071519AC1E6}"
EndProject
Project("{FAE04EC0-301F-11D3-BF4B-00C04F79EFBC}") = "Meta.XR.Editor.UserInterface", "Meta.XR.Editor.UserInterface.csproj", "{4B819C91-D9E3-D767-F561-B6C137F41838}"
EndProject
Project("{FAE04EC0-301F-11D3-BF4B-00C04F79EFBC}") = "Meta.XR.BuildingBlocks.DepthAPI.Editor", "Meta.XR.BuildingBlocks.DepthAPI.Editor.csproj", "{277A4B81-60F0-1BE1-585B-4728688BF72A}"
EndProject
Project("{FAE04EC0-301F-11D3-BF4B-00C04F79EFBC}") = "Meta.XR.ImmersiveDebugger.Editor", "Meta.XR.ImmersiveDebugger.Editor.csproj", "{584B3D7C-96A4-982B-C312-4D60B4FBD737}"
EndProject
Project("{FAE04EC0-301F-11D3-BF4B-00C04F79EFBC}") = "Unity.XR.CoreUtils.Editor", "Unity.XR.CoreUtils.Editor.csproj", "{AABB5693-97DB-E4A1-C517-F48ECAE1484A}"
EndProject
Project("{FAE04EC0-301F-11D3-BF4B-00C04F79EFBC}") = "Unity.AI.Navigation.Editor", "Unity.AI.Navigation.Editor.csproj", "{FDEF54C4-319B-C8AB-8F55-6517426D94F6}"
EndProject
Project("{FAE04EC0-301F-11D3-BF4B-00C04F79EFBC}") = "Unity.XR.OpenXR.Editor", "Unity.XR.OpenXR.Editor.csproj", "{F5A84363-2FB2-71A4-5CC8-76142FF1C0E2}"
EndProject
Project("{FAE04EC0-301F-11D3-BF4B-00C04F79EFBC}") = "Oculus.Interaction.UnityXR", "Oculus.Interaction.UnityXR.csproj", "{90330B39-166D-DAB4-6D72-6B7331BF7AC1}"
EndProject
Project("{FAE04EC0-301F-11D3-BF4B-00C04F79EFBC}") = "Unity.Multiplayer.Center.Common", "Unity.Multiplayer.Center.Common.csproj", "{6668F5AA-D761-654F-2C77-BB64D80A7BE3}"
EndProject
Project("{FAE04EC0-301F-11D3-BF4B-00C04F79EFBC}") = "Meta.XR.Editor.Notifications", "Meta.XR.Editor.Notifications.csproj", "{7BCC63F4-8C81-3A0E-CE6C-C209B3F077F8}"
EndProject
Project("{FAE04EC0-301F-11D3-BF4B-00C04F79EFBC}") = "Unity.XR.OpenXR.Features.MetaQuestSupport.Editor", "Unity.XR.OpenXR.Features.MetaQuestSupport.Editor.csproj", "{CF67647C-A06C-B74D-936A-B46185F68332}"
EndProject
Project("{FAE04EC0-301F-11D3-BF4B-00C04F79EFBC}") = "Meta.XR.MultiplayerBlocks.Shared.Editor", "Meta.XR.MultiplayerBlocks.Shared.Editor.csproj", "{C3DABBF8-BF71-028C-C475-BB2D520847F1}"
EndProject
Project("{FAE04EC0-301F-11D3-BF4B-00C04F79EFBC}") = "Unity.InputSystem.ForUI", "Unity.InputSystem.ForUI.csproj", "{5F06CCE5-C6C0-901C-29B2-65A168C6DAC1}"
EndProject
Project("{FAE04EC0-301F-11D3-BF4B-00C04F79EFBC}") = "Unity.AI.Navigation", "Unity.AI.Navigation.csproj", "{815CD4C0-15D6-CE02-F02B-F34E5CCA1F7D}"
EndProject
Project("{FAE04EC0-301F-11D3-BF4B-00C04F79EFBC}") = "Unity.Collections.CodeGen", "Unity.Collections.CodeGen.csproj", "{8CFD78B2-9A32-208C-664E-CFD637DBED06}"
EndProject
Project("{FAE04EC0-301F-11D3-BF4B-00C04F79EFBC}") = "Unity.XR.Management", "Unity.XR.Management.csproj", "{6A93E045-7529-DFC5-5A5E-03D8BC2554CA}"
EndProject
Project("{FAE04EC0-301F-11D3-BF4B-00C04F79EFBC}") = "Unity.Mathematics.Editor", "Unity.Mathematics.Editor.csproj", "{5CCF5AFC-E720-F23E-364A-13A5950EE8FF}"
EndProject
Project("{FAE04EC0-301F-11D3-BF4B-00C04F79EFBC}") = "Unity.VisualScripting.SettingsProvider.Editor", "Unity.VisualScripting.SettingsProvider.Editor.csproj", "{B055E303-50A7-528D-8CCF-03707A9BB13E}"
EndProject
Project("{FAE04EC0-301F-11D3-BF4B-00C04F79EFBC}") = "Meta.XR.MultiplayerBlocks.NGO.Editor", "Meta.XR.MultiplayerBlocks.NGO.Editor.csproj", "{C6A968D9-F8D4-795D-571C-984AEEB26184}"
EndProject
Project("{FAE04EC0-301F-11D3-BF4B-00C04F79EFBC}") = "Meta.XR.EnvironmentDepth", "Meta.XR.EnvironmentDepth.csproj", "{59B37AE4-E283-E01C-2583-455EC2F5C85F}"
EndProject
Project("{FAE04EC0-301F-11D3-BF4B-00C04F79EFBC}") = "Assembly-CSharp-Editor", "Assembly-CSharp-Editor.csproj", "{AFDB07DD-4896-79EC-B018-CA918B9DD377}"
EndProject
Project("{FAE04EC0-301F-11D3-BF4B-00C04F79EFBC}") = "Meta.XR.Editor.Settings", "Meta.XR.Editor.Settings.csproj", "{2A22B35E-EFBB-B342-5583-E7ADD234CD14}"
EndProject
Project("{FAE04EC0-301F-11D3-BF4B-00C04F79EFBC}") = "Meta.XR.Editor.Id", "Meta.XR.Editor.Id.csproj", "{885A74DC-F478-FE91-F572-17182928CD7E}"
EndProject
Project("{FAE04EC0-301F-11D3-BF4B-00C04F79EFBC}") = "Unity.InputSystem.TestFramework", "Unity.InputSystem.TestFramework.csproj", "{271CA688-F238-8B74-2BFB-E48CF9488600}"
EndProject
Project("{FAE04EC0-301F-11D3-BF4B-00C04F79EFBC}") = "UnityEditor.XR.LegacyInputHelpers", "UnityEditor.XR.LegacyInputHelpers.csproj", "{E9F754C0-4843-AA53-2C51-CF1E7357EA01}"
EndProject
Project("{FAE04EC0-301F-11D3-BF4B-00C04F79EFBC}") = "Unity.ShaderGraph.Utilities", "Unity.ShaderGraph.Utilities.csproj", "{449BFE8C-54B2-DBA0-21DF-432C733025D4}"
EndProject
Project("{FAE04EC0-301F-11D3-BF4B-00C04F79EFBC}") = "Meta.XR.BuildingBlocks.DepthAPI", "Meta.XR.BuildingBlocks.DepthAPI.csproj", "{52C54D8C-5844-896E-1703-9595F8FF7D79}"
EndProject
Project("{FAE04EC0-301F-11D3-BF4B-00C04F79EFBC}") = "Unity.VisualScripting.Shared.Editor", "Unity.VisualScripting.Shared.Editor.csproj", "{C8C2586F-9BF9-D50A-D76A-D17A3DB3B052}"
EndProject
Project("{FAE04EC0-301F-11D3-BF4B-00C04F79EFBC}") = "Meta.XR.EnvironmentDepth.Editor", "Meta.XR.EnvironmentDepth.Editor.csproj", "{FD0C779F-9457-37D2-11FB-5CD0BF62185C}"
EndProject
Project("{FAE04EC0-301F-11D3-BF4B-00C04F79EFBC}") = "NewAssembly", "NewAssembly.csproj", "{3C2C5394-995F-402E-E65B-CEA331FC76D7}"
EndProject
Project("{FAE04EC0-301F-11D3-BF4B-00C04F79EFBC}") = "Meta.XR.Guides.Editor", "Meta.XR.Guides.Editor.csproj", "{1C0902B3-124B-3BB8-9B1F-A03307FDBC6B}"
EndProject
Project("{FAE04EC0-301F-11D3-BF4B-00C04F79EFBC}") = "Unity.XR.OpenXR.Features.MetaQuestSupport", "Unity.XR.OpenXR.Features.MetaQuestSupport.csproj", "{63F48174-7D0D-7453-7C55-21356E3DA51D}"
EndProject
Project("{FAE04EC0-301F-11D3-BF4B-00C04F79EFBC}") = "Meta.XR.ImmersiveDebugger.Interface", "Meta.XR.ImmersiveDebugger.Interface.csproj", "{8E81EEDA-58AC-F73B-540E-062CD5F63D9D}"
EndProject
Project("{FAE04EC0-301F-11D3-BF4B-00C04F79EFBC}") = "Meta.XR.Editor.UPST.Notifications", "Meta.XR.Editor.UPST.Notifications.csproj", "{CF8FD2B6-054B-717F-260B-39A7DA64273C}"
EndProject
Project("{FAE04EC0-301F-11D3-BF4B-00C04F79EFBC}") = "Oculus.Interaction.Samples.Editor", "Oculus.Interaction.Samples.Editor.csproj", "{3DBE91EE-0E59-0E49-512C-977A91C39326}"
EndProject
Project("{FAE04EC0-301F-11D3-BF4B-00C04F79EFBC}") = "Unity.RenderPipeline.Universal.ShaderLibrary", "Unity.RenderPipeline.Universal.ShaderLibrary.csproj", "{5BD0A0B2-6C5D-FFB7-C3CF-F8609D6A8155}"
EndProject
Project("{FAE04EC0-301F-11D3-BF4B-00C04F79EFBC}") = "Meta.XR.Editor.Callbacks", "Meta.XR.Editor.Callbacks.csproj", "{0F57AD39-354C-C3A2-9E69-85FC778D1022}"
EndProject
Project("{FAE04EC0-301F-11D3-BF4B-00C04F79EFBC}") = "Unity.XR.OpenXR.Features.RuntimeDebugger", "Unity.XR.OpenXR.Features.RuntimeDebugger.csproj", "{4F70E8F3-52DC-E68E-4372-E099ADF19535}"
EndProject
Project("{FAE04EC0-301F-11D3-BF4B-00C04F79EFBC}") = "UnityEngine.SpatialTracking", "UnityEngine.SpatialTracking.csproj", "{1AC8B9B3-79EF-A411-084D-6ADE8708F8A1}"
EndProject
Project("{FAE04EC0-301F-11D3-BF4B-00C04F79EFBC}") = "Unity.XR.OpenXR.Features.OculusQuestSupport.Editor", "Unity.XR.OpenXR.Features.OculusQuestSupport.Editor.csproj", "{32666EAD-1CF5-9BA9-F94F-5B1A3C30F17F}"
EndProject
Project("{FAE04EC0-301F-11D3-BF4B-00C04F79EFBC}") = "Oculus.Interaction.Editor.UnityXR", "Oculus.Interaction.Editor.UnityXR.csproj", "{13AD3EEF-332F-A096-DEA2-F35FBB6DDD31}"
EndProject
Project("{FAE04EC0-301F-11D3-BF4B-00C04F79EFBC}") = "UnityEngine.XR.LegacyInputHelpers", "UnityEngine.XR.LegacyInputHelpers.csproj", "{F074F00F-ECA2-1D57-797A-7705A9CD4D67}"
EndProject
Project("{FAE04EC0-301F-11D3-BF4B-00C04F79EFBC}") = "Unity.XR.OpenXR.Features.RuntimeDebugger.Editor", "Unity.XR.OpenXR.Features.RuntimeDebugger.Editor.csproj", "{B17B0353-07D2-95C8-8652-BA85FDBC1A8B}"
EndProject
Project("{FAE04EC0-301F-11D3-BF4B-00C04F79EFBC}") = "Unity.Rendering.LightTransport.Editor", "Unity.Rendering.LightTransport.Editor.csproj", "{F048F152-EC95-466A-F905-E39123D1780D}"
EndProject
Project("{FAE04EC0-301F-11D3-BF4B-00C04F79EFBC}") = "Unity.InputSystem.DocCodeSamples", "Unity.InputSystem.DocCodeSamples.csproj", "{99AE713E-AD00-9F69-82C3-163DE1133B2A}"
EndProject
Project("{FAE04EC0-301F-11D3-BF4B-00C04F79EFBC}") = "Unity.RenderPipelines.Universal.Shaders", "Unity.RenderPipelines.Universal.Shaders.csproj", "{A17E9C14-A1C3-CCBB-2B39-500B89498874}"
EndProject
Project("{FAE04EC0-301F-11D3-BF4B-00C04F79EFBC}") = "Unity.RenderPipelines.Core.Runtime.Shared", "Unity.RenderPipelines.Core.Runtime.Shared.csproj", "{D3132D61-422D-59EB-8679-C3579327A3E4}"
EndProject
Project("{FAE04EC0-301F-11D3-BF4B-00C04F79EFBC}") = "Meta.XR.Editor.StatusMenu", "Meta.XR.Editor.StatusMenu.csproj", "{4E1D5F74-F359-9B72-A8E9-39FE80D19EA7}"
EndProject
Project("{FAE04EC0-301F-11D3-BF4B-00C04F79EFBC}") = "Assembly-CSharp", "Assembly-CSharp.csproj", "{7AA8BD0D-53A3-D183-9FD9-238BB656223B}"
EndProject
Project("{FAE04EC0-301F-11D3-BF4B-00C04F79EFBC}") = "Meta.XR.Editor.Guide.About", "Meta.XR.Editor.Guide.About.csproj", "{7C2BDFEA-C1BB-0FBF-46EC-FFF2C0A0462A}"
EndProject
Project("{FAE04EC0-301F-11D3-BF4B-00C04F79EFBC}") = "Unity.XR.OpenXR.Features.ConformanceAutomation", "Unity.XR.OpenXR.Features.ConformanceAutomation.csproj", "{291C8712-F8CD-3555-88AE-DE6C4D66A189}"
EndProject
Project("{FAE04EC0-301F-11D3-BF4B-00C04F79EFBC}") = "Unity.PlasticSCM.Editor.Entities", "Unity.PlasticSCM.Editor.Entities.csproj", "{941451DF-8677-1287-69BA-244D3DBC8A19}"
EndProject
Project("{FAE04EC0-301F-11D3-BF4B-00C04F79EFBC}") = "Oculus.Interaction.InterfaceSupport", "Oculus.Interaction.InterfaceSupport.csproj", "{1EBAD6CF-E6A7-B376-D927-822C16192F7C}"
EndProject
Project("{FAE04EC0-301F-11D3-BF4B-00C04F79EFBC}") = "Unity.XR.OpenXR.Features.MockRuntime", "Unity.XR.OpenXR.Features.MockRuntime.csproj", "{95C0340F-FB2E-D2EB-7DAB-84EE8CD256AF}"
EndProject
Project("{FAE04EC0-301F-11D3-BF4B-00C04F79EFBC}") = "UnityEditor.SpatialTracking", "UnityEditor.SpatialTracking.csproj", "{BD7915CE-F7AA-793B-C248-43DEF461219E}"
EndProject
Project("{FAE04EC0-301F-11D3-BF4B-00C04F79EFBC}") = "Unity.Collections.Editor", "Unity.Collections.Editor.csproj", "{8AC2F7C4-6B5E-4D77-C033-DC596399D1BA}"
EndProject
Project("{FAE04EC0-301F-11D3-BF4B-00C04F79EFBC}") = "Unity.RenderPipelines.Universal.Config.Runtime", "Unity.RenderPipelines.Universal.Config.Runtime.csproj", "{715CF205-2B65-6D02-92AF-C207A7B75E3C}"
EndProject
Project("{FAE04EC0-301F-11D3-BF4B-00C04F79EFBC}") = "Unity.RenderPipelines.ShaderGraph.ShaderGraphLibrary", "Unity.RenderPipelines.ShaderGraph.ShaderGraphLibrary.csproj", "{65F2D6E8-D8B2-3294-1ABD-ECC5949846A7}"
EndProject
Project("{FAE04EC0-301F-11D3-BF4B-00C04F79EFBC}") = "Unity.RenderPipelines.Core.ShaderLibrary", "Unity.RenderPipelines.Core.ShaderLibrary.csproj", "{C8ECE50E-8031-7873-FBCF-6E2CB5B1B69E}"
EndProject
Project("{FAE04EC0-301F-11D3-BF4B-00C04F79EFBC}") = "Unity.XR.OpenXR.Features.OculusQuestSupport", "Unity.XR.OpenXR.Features.OculusQuestSupport.csproj", "{A1E70083-23B0-AD3E-6482-6797467DD131}"
EndProject
Project("{FAE04EC0-301F-11D3-BF4B-00C04F79EFBC}") = "Unity.RenderPipelines.Core.Editor.Shared", "Unity.RenderPipelines.Core.Editor.Shared.csproj", "{6D38614F-39C9-BD88-C379-A25553F8C330}"
EndProject
Global
	GlobalSection(SolutionConfigurationPlatforms) = preSolution
		Debug|Any CPU = Debug|Any CPU
		Release|Any CPU = Release|Any CPU
	EndGlobalSection
	GlobalSection(ProjectConfigurationPlatforms) = postSolution
		{C2A842E1-2BB1-1E2A-2A09-58E6D0810E67}.Debug|Any CPU.ActiveCfg = Debug|Any CPU
		{C2A842E1-2BB1-1E2A-2A09-58E6D0810E67}.Debug|Any CPU.Build.0 = Debug|Any CPU
		{C2A842E1-2BB1-1E2A-2A09-58E6D0810E67}.Release|Any CPU.ActiveCfg = Release|Any CPU
		{C2A842E1-2BB1-1E2A-2A09-58E6D0810E67}.Release|Any CPU.Build.0 = Release|Any CPU
		{C3E56596-B27D-FFA6-A9A1-BA1B82154C47}.Debug|Any CPU.ActiveCfg = Debug|Any CPU
		{C3E56596-B27D-FFA6-A9A1-BA1B82154C47}.Debug|Any CPU.Build.0 = Debug|Any CPU
		{C3E56596-B27D-FFA6-A9A1-BA1B82154C47}.Release|Any CPU.ActiveCfg = Release|Any CPU
		{C3E56596-B27D-FFA6-A9A1-BA1B82154C47}.Release|Any CPU.Build.0 = Release|Any CPU
		{76167C1D-E233-C870-327E-4DA8126701C8}.Debug|Any CPU.ActiveCfg = Debug|Any CPU
		{76167C1D-E233-C870-327E-4DA8126701C8}.Debug|Any CPU.Build.0 = Debug|Any CPU
		{76167C1D-E233-C870-327E-4DA8126701C8}.Release|Any CPU.ActiveCfg = Release|Any CPU
		{76167C1D-E233-C870-327E-4DA8126701C8}.Release|Any CPU.Build.0 = Release|Any CPU
		{6E423942-C5B3-D7D9-A2B4-EEC95CDF01DE}.Debug|Any CPU.ActiveCfg = Debug|Any CPU
		{6E423942-C5B3-D7D9-A2B4-EEC95CDF01DE}.Debug|Any CPU.Build.0 = Debug|Any CPU
		{6E423942-C5B3-D7D9-A2B4-EEC95CDF01DE}.Release|Any CPU.ActiveCfg = Release|Any CPU
		{6E423942-C5B3-D7D9-A2B4-EEC95CDF01DE}.Release|Any CPU.Build.0 = Release|Any CPU
		{F4C4AA38-F5B7-A83C-B7BE-EE27EE4BD5A1}.Debug|Any CPU.ActiveCfg = Debug|Any CPU
		{F4C4AA38-F5B7-A83C-B7BE-EE27EE4BD5A1}.Debug|Any CPU.Build.0 = Debug|Any CPU
		{F4C4AA38-F5B7-A83C-B7BE-EE27EE4BD5A1}.Release|Any CPU.ActiveCfg = Release|Any CPU
		{F4C4AA38-F5B7-A83C-B7BE-EE27EE4BD5A1}.Release|Any CPU.Build.0 = Release|Any CPU
		{E18E4E7D-7C7E-3B3E-27FF-E8E3923EA6E2}.Debug|Any CPU.ActiveCfg = Debug|Any CPU
		{E18E4E7D-7C7E-3B3E-27FF-E8E3923EA6E2}.Debug|Any CPU.Build.0 = Debug|Any CPU
		{E18E4E7D-7C7E-3B3E-27FF-E8E3923EA6E2}.Release|Any CPU.ActiveCfg = Release|Any CPU
		{E18E4E7D-7C7E-3B3E-27FF-E8E3923EA6E2}.Release|Any CPU.Build.0 = Release|Any CPU
		{184EFD28-6105-8B98-DE2C-749413816D1D}.Debug|Any CPU.ActiveCfg = Debug|Any CPU
		{184EFD28-6105-8B98-DE2C-749413816D1D}.Debug|Any CPU.Build.0 = Debug|Any CPU
		{184EFD28-6105-8B98-DE2C-749413816D1D}.Release|Any CPU.ActiveCfg = Release|Any CPU
		{184EFD28-6105-8B98-DE2C-749413816D1D}.Release|Any CPU.Build.0 = Release|Any CPU
		{A39E6D8D-CA0C-218A-7C56-25CF55F71822}.Debug|Any CPU.ActiveCfg = Debug|Any CPU
		{A39E6D8D-CA0C-218A-7C56-25CF55F71822}.Debug|Any CPU.Build.0 = Debug|Any CPU
		{A39E6D8D-CA0C-218A-7C56-25CF55F71822}.Release|Any CPU.ActiveCfg = Release|Any CPU
		{A39E6D8D-CA0C-218A-7C56-25CF55F71822}.Release|Any CPU.Build.0 = Release|Any CPU
		{56E43910-5A2A-3149-06A4-229BEEE141C3}.Debug|Any CPU.ActiveCfg = Debug|Any CPU
		{56E43910-5A2A-3149-06A4-229BEEE141C3}.Debug|Any CPU.Build.0 = Debug|Any CPU
		{56E43910-5A2A-3149-06A4-229BEEE141C3}.Release|Any CPU.ActiveCfg = Release|Any CPU
		{56E43910-5A2A-3149-06A4-229BEEE141C3}.Release|Any CPU.Build.0 = Release|Any CPU
		{249EB28F-3B44-2B16-445D-B6467EE747F9}.Debug|Any CPU.ActiveCfg = Debug|Any CPU
		{249EB28F-3B44-2B16-445D-B6467EE747F9}.Debug|Any CPU.Build.0 = Debug|Any CPU
		{249EB28F-3B44-2B16-445D-B6467EE747F9}.Release|Any CPU.ActiveCfg = Release|Any CPU
		{249EB28F-3B44-2B16-445D-B6467EE747F9}.Release|Any CPU.Build.0 = Release|Any CPU
		{BD1FFAF8-5459-CA75-9D27-780B3B09203B}.Debug|Any CPU.ActiveCfg = Debug|Any CPU
		{BD1FFAF8-5459-CA75-9D27-780B3B09203B}.Debug|Any CPU.Build.0 = Debug|Any CPU
		{BD1FFAF8-5459-CA75-9D27-780B3B09203B}.Release|Any CPU.ActiveCfg = Release|Any CPU
		{BD1FFAF8-5459-CA75-9D27-780B3B09203B}.Release|Any CPU.Build.0 = Release|Any CPU
		{304D7B3C-A25E-2F8A-C211-2507F5B14239}.Debug|Any CPU.ActiveCfg = Debug|Any CPU
		{304D7B3C-A25E-2F8A-C211-2507F5B14239}.Debug|Any CPU.Build.0 = Debug|Any CPU
		{304D7B3C-A25E-2F8A-C211-2507F5B14239}.Release|Any CPU.ActiveCfg = Release|Any CPU
		{304D7B3C-A25E-2F8A-C211-2507F5B14239}.Release|Any CPU.Build.0 = Release|Any CPU
		{4BFACC22-2736-FFF8-1DAF-17E53AC4A262}.Debug|Any CPU.ActiveCfg = Debug|Any CPU
		{4BFACC22-2736-FFF8-1DAF-17E53AC4A262}.Debug|Any CPU.Build.0 = Debug|Any CPU
		{4BFACC22-2736-FFF8-1DAF-17E53AC4A262}.Release|Any CPU.ActiveCfg = Release|Any CPU
		{4BFACC22-2736-FFF8-1DAF-17E53AC4A262}.Release|Any CPU.Build.0 = Release|Any CPU
		{2C47E134-B9ED-051C-F396-1728AEACC06E}.Debug|Any CPU.ActiveCfg = Debug|Any CPU
		{2C47E134-B9ED-051C-F396-1728AEACC06E}.Debug|Any CPU.Build.0 = Debug|Any CPU
		{2C47E134-B9ED-051C-F396-1728AEACC06E}.Release|Any CPU.ActiveCfg = Release|Any CPU
		{2C47E134-B9ED-051C-F396-1728AEACC06E}.Release|Any CPU.Build.0 = Release|Any CPU
		{4DC7E4D6-DFD5-B005-93F4-0B55904C8BEC}.Debug|Any CPU.ActiveCfg = Debug|Any CPU
		{4DC7E4D6-DFD5-B005-93F4-0B55904C8BEC}.Debug|Any CPU.Build.0 = Debug|Any CPU
		{4DC7E4D6-DFD5-B005-93F4-0B55904C8BEC}.Release|Any CPU.ActiveCfg = Release|Any CPU
		{4DC7E4D6-DFD5-B005-93F4-0B55904C8BEC}.Release|Any CPU.Build.0 = Release|Any CPU
		{487BCCB6-5184-1D37-90D8-D1D7E302DFB2}.Debug|Any CPU.ActiveCfg = Debug|Any CPU
		{487BCCB6-5184-1D37-90D8-D1D7E302DFB2}.Debug|Any CPU.Build.0 = Debug|Any CPU
		{487BCCB6-5184-1D37-90D8-D1D7E302DFB2}.Release|Any CPU.ActiveCfg = Release|Any CPU
		{487BCCB6-5184-1D37-90D8-D1D7E302DFB2}.Release|Any CPU.Build.0 = Release|Any CPU
		{19CB057A-9F59-068D-A8BF-E3391883DDBE}.Debug|Any CPU.ActiveCfg = Debug|Any CPU
		{19CB057A-9F59-068D-A8BF-E3391883DDBE}.Debug|Any CPU.Build.0 = Debug|Any CPU
		{19CB057A-9F59-068D-A8BF-E3391883DDBE}.Release|Any CPU.ActiveCfg = Release|Any CPU
		{19CB057A-9F59-068D-A8BF-E3391883DDBE}.Release|Any CPU.Build.0 = Release|Any CPU
		{1D65CE18-4F94-EFFE-ACF9-34726188743C}.Debug|Any CPU.ActiveCfg = Debug|Any CPU
		{1D65CE18-4F94-EFFE-ACF9-34726188743C}.Debug|Any CPU.Build.0 = Debug|Any CPU
		{1D65CE18-4F94-EFFE-ACF9-34726188743C}.Release|Any CPU.ActiveCfg = Release|Any CPU
		{1D65CE18-4F94-EFFE-ACF9-34726188743C}.Release|Any CPU.Build.0 = Release|Any CPU
		{F96509CA-A1D6-91E6-EDB6-2C2760295015}.Debug|Any CPU.ActiveCfg = Debug|Any CPU
		{F96509CA-A1D6-91E6-EDB6-2C2760295015}.Debug|Any CPU.Build.0 = Debug|Any CPU
		{F96509CA-A1D6-91E6-EDB6-2C2760295015}.Release|Any CPU.ActiveCfg = Release|Any CPU
		{F96509CA-A1D6-91E6-EDB6-2C2760295015}.Release|Any CPU.Build.0 = Release|Any CPU
		{77E753D4-1AFC-0AF1-9BC2-1BEB2C30F3D4}.Debug|Any CPU.ActiveCfg = Debug|Any CPU
		{77E753D4-1AFC-0AF1-9BC2-1BEB2C30F3D4}.Debug|Any CPU.Build.0 = Debug|Any CPU
		{77E753D4-1AFC-0AF1-9BC2-1BEB2C30F3D4}.Release|Any CPU.ActiveCfg = Release|Any CPU
		{77E753D4-1AFC-0AF1-9BC2-1BEB2C30F3D4}.Release|Any CPU.Build.0 = Release|Any CPU
		{260E23A8-0CA1-2E29-AB12-930C0A55D1F7}.Debug|Any CPU.ActiveCfg = Debug|Any CPU
		{260E23A8-0CA1-2E29-AB12-930C0A55D1F7}.Debug|Any CPU.Build.0 = Debug|Any CPU
		{260E23A8-0CA1-2E29-AB12-930C0A55D1F7}.Release|Any CPU.ActiveCfg = Release|Any CPU
		{260E23A8-0CA1-2E29-AB12-930C0A55D1F7}.Release|Any CPU.Build.0 = Release|Any CPU
		{0E29B462-E094-2E7D-90EB-DB8A5714D569}.Debug|Any CPU.ActiveCfg = Debug|Any CPU
		{0E29B462-E094-2E7D-90EB-DB8A5714D569}.Debug|Any CPU.Build.0 = Debug|Any CPU
		{0E29B462-E094-2E7D-90EB-DB8A5714D569}.Release|Any CPU.ActiveCfg = Release|Any CPU
		{0E29B462-E094-2E7D-90EB-DB8A5714D569}.Release|Any CPU.Build.0 = Release|Any CPU
		{582DA25C-F92D-9919-B244-6F8558B00C03}.Debug|Any CPU.ActiveCfg = Debug|Any CPU
		{582DA25C-F92D-9919-B244-6F8558B00C03}.Debug|Any CPU.Build.0 = Debug|Any CPU
		{582DA25C-F92D-9919-B244-6F8558B00C03}.Release|Any CPU.ActiveCfg = Release|Any CPU
		{582DA25C-F92D-9919-B244-6F8558B00C03}.Release|Any CPU.Build.0 = Release|Any CPU
		{8415D93E-CD04-C70A-5EEF-11F9339411DE}.Debug|Any CPU.ActiveCfg = Debug|Any CPU
		{8415D93E-CD04-C70A-5EEF-11F9339411DE}.Debug|Any CPU.Build.0 = Debug|Any CPU
		{8415D93E-CD04-C70A-5EEF-11F9339411DE}.Release|Any CPU.ActiveCfg = Release|Any CPU
		{8415D93E-CD04-C70A-5EEF-11F9339411DE}.Release|Any CPU.Build.0 = Release|Any CPU
		{D3B3617A-4799-E94F-1485-DED4DE5B1FBD}.Debug|Any CPU.ActiveCfg = Debug|Any CPU
		{D3B3617A-4799-E94F-1485-DED4DE5B1FBD}.Debug|Any CPU.Build.0 = Debug|Any CPU
		{D3B3617A-4799-E94F-1485-DED4DE5B1FBD}.Release|Any CPU.ActiveCfg = Release|Any CPU
		{D3B3617A-4799-E94F-1485-DED4DE5B1FBD}.Release|Any CPU.Build.0 = Release|Any CPU
		{45B115F3-766D-489F-718D-F71AF4536F30}.Debug|Any CPU.ActiveCfg = Debug|Any CPU
		{45B115F3-766D-489F-718D-F71AF4536F30}.Debug|Any CPU.Build.0 = Debug|Any CPU
		{45B115F3-766D-489F-718D-F71AF4536F30}.Release|Any CPU.ActiveCfg = Release|Any CPU
		{45B115F3-766D-489F-718D-F71AF4536F30}.Release|Any CPU.Build.0 = Release|Any CPU
		{4812F1D0-3087-D816-AFBE-856AB46D64AC}.Debug|Any CPU.ActiveCfg = Debug|Any CPU
		{4812F1D0-3087-D816-AFBE-856AB46D64AC}.Debug|Any CPU.Build.0 = Debug|Any CPU
		{4812F1D0-3087-D816-AFBE-856AB46D64AC}.Release|Any CPU.ActiveCfg = Release|Any CPU
		{4812F1D0-3087-D816-AFBE-856AB46D64AC}.Release|Any CPU.Build.0 = Release|Any CPU
		{C6F21DAB-4EA4-F34A-E32B-A27144CCF536}.Debug|Any CPU.ActiveCfg = Debug|Any CPU
		{C6F21DAB-4EA4-F34A-E32B-A27144CCF536}.Debug|Any CPU.Build.0 = Debug|Any CPU
		{C6F21DAB-4EA4-F34A-E32B-A27144CCF536}.Release|Any CPU.ActiveCfg = Release|Any CPU
		{C6F21DAB-4EA4-F34A-E32B-A27144CCF536}.Release|Any CPU.Build.0 = Release|Any CPU
		{4E1EF252-0FE1-F91A-B845-C8D09CBC032F}.Debug|Any CPU.ActiveCfg = Debug|Any CPU
		{4E1EF252-0FE1-F91A-B845-C8D09CBC032F}.Debug|Any CPU.Build.0 = Debug|Any CPU
		{4E1EF252-0FE1-F91A-B845-C8D09CBC032F}.Release|Any CPU.ActiveCfg = Release|Any CPU
		{4E1EF252-0FE1-F91A-B845-C8D09CBC032F}.Release|Any CPU.Build.0 = Release|Any CPU
		{71D356AA-C9DD-DBDA-456F-A5E82612B19D}.Debug|Any CPU.ActiveCfg = Debug|Any CPU
		{71D356AA-C9DD-DBDA-456F-A5E82612B19D}.Debug|Any CPU.Build.0 = Debug|Any CPU
		{71D356AA-C9DD-DBDA-456F-A5E82612B19D}.Release|Any CPU.ActiveCfg = Release|Any CPU
		{71D356AA-C9DD-DBDA-456F-A5E82612B19D}.Release|Any CPU.Build.0 = Release|Any CPU
		{86C7EFB0-F7A0-4D34-2D28-81BB18D05BBC}.Debug|Any CPU.ActiveCfg = Debug|Any CPU
		{86C7EFB0-F7A0-4D34-2D28-81BB18D05BBC}.Debug|Any CPU.Build.0 = Debug|Any CPU
		{86C7EFB0-F7A0-4D34-2D28-81BB18D05BBC}.Release|Any CPU.ActiveCfg = Release|Any CPU
		{86C7EFB0-F7A0-4D34-2D28-81BB18D05BBC}.Release|Any CPU.Build.0 = Release|Any CPU
		{27D4B9FD-FA83-3093-8690-9B67200B338B}.Debug|Any CPU.ActiveCfg = Debug|Any CPU
		{27D4B9FD-FA83-3093-8690-9B67200B338B}.Debug|Any CPU.Build.0 = Debug|Any CPU
		{27D4B9FD-FA83-3093-8690-9B67200B338B}.Release|Any CPU.ActiveCfg = Release|Any CPU
		{27D4B9FD-FA83-3093-8690-9B67200B338B}.Release|Any CPU.Build.0 = Release|Any CPU
		{9C72109D-FCC5-5878-272E-0E7B89565903}.Debug|Any CPU.ActiveCfg = Debug|Any CPU
		{9C72109D-FCC5-5878-272E-0E7B89565903}.Debug|Any CPU.Build.0 = Debug|Any CPU
		{9C72109D-FCC5-5878-272E-0E7B89565903}.Release|Any CPU.ActiveCfg = Release|Any CPU
		{9C72109D-FCC5-5878-272E-0E7B89565903}.Release|Any CPU.Build.0 = Release|Any CPU
		{B4BA0D61-03D3-9D98-980B-2E7921973E7A}.Debug|Any CPU.ActiveCfg = Debug|Any CPU
		{B4BA0D61-03D3-9D98-980B-2E7921973E7A}.Debug|Any CPU.Build.0 = Debug|Any CPU
		{B4BA0D61-03D3-9D98-980B-2E7921973E7A}.Release|Any CPU.ActiveCfg = Release|Any CPU
		{B4BA0D61-03D3-9D98-980B-2E7921973E7A}.Release|Any CPU.Build.0 = Release|Any CPU
		{FC672D9C-1AB6-47A9-2776-AE2F4F1B4E9C}.Debug|Any CPU.ActiveCfg = Debug|Any CPU
		{FC672D9C-1AB6-47A9-2776-AE2F4F1B4E9C}.Debug|Any CPU.Build.0 = Debug|Any CPU
		{FC672D9C-1AB6-47A9-2776-AE2F4F1B4E9C}.Release|Any CPU.ActiveCfg = Release|Any CPU
		{FC672D9C-1AB6-47A9-2776-AE2F4F1B4E9C}.Release|Any CPU.Build.0 = Release|Any CPU
		{B60698FF-2C2D-807F-9AD9-8D71AA78595A}.Debug|Any CPU.ActiveCfg = Debug|Any CPU
		{B60698FF-2C2D-807F-9AD9-8D71AA78595A}.Debug|Any CPU.Build.0 = Debug|Any CPU
		{B60698FF-2C2D-807F-9AD9-8D71AA78595A}.Release|Any CPU.ActiveCfg = Release|Any CPU
		{B60698FF-2C2D-807F-9AD9-8D71AA78595A}.Release|Any CPU.Build.0 = Release|Any CPU
		{25196A81-5CF4-49D3-1A84-7475109C2BF9}.Debug|Any CPU.ActiveCfg = Debug|Any CPU
		{25196A81-5CF4-49D3-1A84-7475109C2BF9}.Debug|Any CPU.Build.0 = Debug|Any CPU
		{25196A81-5CF4-49D3-1A84-7475109C2BF9}.Release|Any CPU.ActiveCfg = Release|Any CPU
		{25196A81-5CF4-49D3-1A84-7475109C2BF9}.Release|Any CPU.Build.0 = Release|Any CPU
		{621EF68C-70E8-B809-BAFE-29A729AB51AB}.Debug|Any CPU.ActiveCfg = Debug|Any CPU
		{621EF68C-70E8-B809-BAFE-29A729AB51AB}.Debug|Any CPU.Build.0 = Debug|Any CPU
		{621EF68C-70E8-B809-BAFE-29A729AB51AB}.Release|Any CPU.ActiveCfg = Release|Any CPU
		{621EF68C-70E8-B809-BAFE-29A729AB51AB}.Release|Any CPU.Build.0 = Release|Any CPU
		{8674446A-F93A-4D3C-CFC0-08C4319284B8}.Debug|Any CPU.ActiveCfg = Debug|Any CPU
		{8674446A-F93A-4D3C-CFC0-08C4319284B8}.Debug|Any CPU.Build.0 = Debug|Any CPU
		{8674446A-F93A-4D3C-CFC0-08C4319284B8}.Release|Any CPU.ActiveCfg = Release|Any CPU
		{8674446A-F93A-4D3C-CFC0-08C4319284B8}.Release|Any CPU.Build.0 = Release|Any CPU
		{E2484F18-ABC5-86A7-1C30-F8B8A1253071}.Debug|Any CPU.ActiveCfg = Debug|Any CPU
		{E2484F18-ABC5-86A7-1C30-F8B8A1253071}.Debug|Any CPU.Build.0 = Debug|Any CPU
		{E2484F18-ABC5-86A7-1C30-F8B8A1253071}.Release|Any CPU.ActiveCfg = Release|Any CPU
		{E2484F18-ABC5-86A7-1C30-F8B8A1253071}.Release|Any CPU.Build.0 = Release|Any CPU
		{B993E21D-DA08-47B2-A749-58212CC38F43}.Debug|Any CPU.ActiveCfg = Debug|Any CPU
		{B993E21D-DA08-47B2-A749-58212CC38F43}.Debug|Any CPU.Build.0 = Debug|Any CPU
		{B993E21D-DA08-47B2-A749-58212CC38F43}.Release|Any CPU.ActiveCfg = Release|Any CPU
		{B993E21D-DA08-47B2-A749-58212CC38F43}.Release|Any CPU.Build.0 = Release|Any CPU
		{AC8DA9C9-59D6-CB8E-A632-6FC0F5C2346C}.Debug|Any CPU.ActiveCfg = Debug|Any CPU
		{AC8DA9C9-59D6-CB8E-A632-6FC0F5C2346C}.Debug|Any CPU.Build.0 = Debug|Any CPU
		{AC8DA9C9-59D6-CB8E-A632-6FC0F5C2346C}.Release|Any CPU.ActiveCfg = Release|Any CPU
		{AC8DA9C9-59D6-CB8E-A632-6FC0F5C2346C}.Release|Any CPU.Build.0 = Release|Any CPU
		{CCE4BDFC-E790-9763-9EBA-4062F1DD556F}.Debug|Any CPU.ActiveCfg = Debug|Any CPU
		{CCE4BDFC-E790-9763-9EBA-4062F1DD556F}.Debug|Any CPU.Build.0 = Debug|Any CPU
		{CCE4BDFC-E790-9763-9EBA-4062F1DD556F}.Release|Any CPU.ActiveCfg = Release|Any CPU
		{CCE4BDFC-E790-9763-9EBA-4062F1DD556F}.Release|Any CPU.Build.0 = Release|Any CPU
		{D158BE84-195B-D39A-FDB5-2B9653A7F01D}.Debug|Any CPU.ActiveCfg = Debug|Any CPU
		{D158BE84-195B-D39A-FDB5-2B9653A7F01D}.Debug|Any CPU.Build.0 = Debug|Any CPU
		{D158BE84-195B-D39A-FDB5-2B9653A7F01D}.Release|Any CPU.ActiveCfg = Release|Any CPU
		{D158BE84-195B-D39A-FDB5-2B9653A7F01D}.Release|Any CPU.Build.0 = Release|Any CPU
		{7C0BCEEA-8644-B7FC-5EA3-37E5E32D080A}.Debug|Any CPU.ActiveCfg = Debug|Any CPU
		{7C0BCEEA-8644-B7FC-5EA3-37E5E32D080A}.Debug|Any CPU.Build.0 = Debug|Any CPU
		{7C0BCEEA-8644-B7FC-5EA3-37E5E32D080A}.Release|Any CPU.ActiveCfg = Release|Any CPU
		{7C0BCEEA-8644-B7FC-5EA3-37E5E32D080A}.Release|Any CPU.Build.0 = Release|Any CPU
		{2F3DF1E6-B2DC-09BC-14AB-E578DC5A0AB3}.Debug|Any CPU.ActiveCfg = Debug|Any CPU
		{2F3DF1E6-B2DC-09BC-14AB-E578DC5A0AB3}.Debug|Any CPU.Build.0 = Debug|Any CPU
		{2F3DF1E6-B2DC-09BC-14AB-E578DC5A0AB3}.Release|Any CPU.ActiveCfg = Release|Any CPU
		{2F3DF1E6-B2DC-09BC-14AB-E578DC5A0AB3}.Release|Any CPU.Build.0 = Release|Any CPU
		{0E662B10-4124-8A58-3117-A78A0E6C932F}.Debug|Any CPU.ActiveCfg = Debug|Any CPU
		{0E662B10-4124-8A58-3117-A78A0E6C932F}.Debug|Any CPU.Build.0 = Debug|Any CPU
		{0E662B10-4124-8A58-3117-A78A0E6C932F}.Release|Any CPU.ActiveCfg = Release|Any CPU
		{0E662B10-4124-8A58-3117-A78A0E6C932F}.Release|Any CPU.Build.0 = Release|Any CPU
		{4DA535D6-F1E2-CEAF-634A-0A6319A4CD33}.Debug|Any CPU.ActiveCfg = Debug|Any CPU
		{4DA535D6-F1E2-CEAF-634A-0A6319A4CD33}.Debug|Any CPU.Build.0 = Debug|Any CPU
		{4DA535D6-F1E2-CEAF-634A-0A6319A4CD33}.Release|Any CPU.ActiveCfg = Release|Any CPU
		{4DA535D6-F1E2-CEAF-634A-0A6319A4CD33}.Release|Any CPU.Build.0 = Release|Any CPU
		{C3F14FF3-1AA1-32A3-D1BE-F226DE3EBD75}.Debug|Any CPU.ActiveCfg = Debug|Any CPU
		{C3F14FF3-1AA1-32A3-D1BE-F226DE3EBD75}.Debug|Any CPU.Build.0 = Debug|Any CPU
		{C3F14FF3-1AA1-32A3-D1BE-F226DE3EBD75}.Release|Any CPU.ActiveCfg = Release|Any CPU
		{C3F14FF3-1AA1-32A3-D1BE-F226DE3EBD75}.Release|Any CPU.Build.0 = Release|Any CPU
		{E67AE577-9792-31AD-3702-FA4B12D7F01B}.Debug|Any CPU.ActiveCfg = Debug|Any CPU
		{E67AE577-9792-31AD-3702-FA4B12D7F01B}.Debug|Any CPU.Build.0 = Debug|Any CPU
		{E67AE577-9792-31AD-3702-FA4B12D7F01B}.Release|Any CPU.ActiveCfg = Release|Any CPU
		{E67AE577-9792-31AD-3702-FA4B12D7F01B}.Release|Any CPU.Build.0 = Release|Any CPU
		{6A30EF1B-2608-D5E4-C050-634A09A03CAA}.Debug|Any CPU.ActiveCfg = Debug|Any CPU
		{6A30EF1B-2608-D5E4-C050-634A09A03CAA}.Debug|Any CPU.Build.0 = Debug|Any CPU
		{6A30EF1B-2608-D5E4-C050-634A09A03CAA}.Release|Any CPU.ActiveCfg = Release|Any CPU
		{6A30EF1B-2608-D5E4-C050-634A09A03CAA}.Release|Any CPU.Build.0 = Release|Any CPU
		{3D39E273-7F2E-ADC4-F171-E7BC2A25DB33}.Debug|Any CPU.ActiveCfg = Debug|Any CPU
		{3D39E273-7F2E-ADC4-F171-E7BC2A25DB33}.Debug|Any CPU.Build.0 = Debug|Any CPU
		{3D39E273-7F2E-ADC4-F171-E7BC2A25DB33}.Release|Any CPU.ActiveCfg = Release|Any CPU
		{3D39E273-7F2E-ADC4-F171-E7BC2A25DB33}.Release|Any CPU.Build.0 = Release|Any CPU
		{E7669BD7-89B6-5F9F-172F-7E5F7D4AE0D0}.Debug|Any CPU.ActiveCfg = Debug|Any CPU
		{E7669BD7-89B6-5F9F-172F-7E5F7D4AE0D0}.Debug|Any CPU.Build.0 = Debug|Any CPU
		{E7669BD7-89B6-5F9F-172F-7E5F7D4AE0D0}.Release|Any CPU.ActiveCfg = Release|Any CPU
		{E7669BD7-89B6-5F9F-172F-7E5F7D4AE0D0}.Release|Any CPU.Build.0 = Release|Any CPU
		{2689A5E5-5E78-84A6-1BE9-7BED944A9FED}.Debug|Any CPU.ActiveCfg = Debug|Any CPU
		{2689A5E5-5E78-84A6-1BE9-7BED944A9FED}.Debug|Any CPU.Build.0 = Debug|Any CPU
		{2689A5E5-5E78-84A6-1BE9-7BED944A9FED}.Release|Any CPU.ActiveCfg = Release|Any CPU
		{2689A5E5-5E78-84A6-1BE9-7BED944A9FED}.Release|Any CPU.Build.0 = Release|Any CPU
		{7998CDA0-D73E-16FB-DE1B-3940A1FF1507}.Debug|Any CPU.ActiveCfg = Debug|Any CPU
		{7998CDA0-D73E-16FB-DE1B-3940A1FF1507}.Debug|Any CPU.Build.0 = Debug|Any CPU
		{7998CDA0-D73E-16FB-DE1B-3940A1FF1507}.Release|Any CPU.ActiveCfg = Release|Any CPU
		{7998CDA0-D73E-16FB-DE1B-3940A1FF1507}.Release|Any CPU.Build.0 = Release|Any CPU
		{DE97ADF2-DC97-56CE-58DA-B79616C4C182}.Debug|Any CPU.ActiveCfg = Debug|Any CPU
		{DE97ADF2-DC97-56CE-58DA-B79616C4C182}.Debug|Any CPU.Build.0 = Debug|Any CPU
		{DE97ADF2-DC97-56CE-58DA-B79616C4C182}.Release|Any CPU.ActiveCfg = Release|Any CPU
		{DE97ADF2-DC97-56CE-58DA-B79616C4C182}.Release|Any CPU.Build.0 = Release|Any CPU
		{D252699E-F881-6B96-3694-A4133C929E1A}.Debug|Any CPU.ActiveCfg = Debug|Any CPU
		{D252699E-F881-6B96-3694-A4133C929E1A}.Debug|Any CPU.Build.0 = Debug|Any CPU
		{D252699E-F881-6B96-3694-A4133C929E1A}.Release|Any CPU.ActiveCfg = Release|Any CPU
		{D252699E-F881-6B96-3694-A4133C929E1A}.Release|Any CPU.Build.0 = Release|Any CPU
		{890CF226-D37A-913F-C088-6C92481E203B}.Debug|Any CPU.ActiveCfg = Debug|Any CPU
		{890CF226-D37A-913F-C088-6C92481E203B}.Debug|Any CPU.Build.0 = Debug|Any CPU
		{890CF226-D37A-913F-C088-6C92481E203B}.Release|Any CPU.ActiveCfg = Release|Any CPU
		{890CF226-D37A-913F-C088-6C92481E203B}.Release|Any CPU.Build.0 = Release|Any CPU
		{B037B9D6-023C-3ED9-1E5C-153C6C932477}.Debug|Any CPU.ActiveCfg = Debug|Any CPU
		{B037B9D6-023C-3ED9-1E5C-153C6C932477}.Debug|Any CPU.Build.0 = Debug|Any CPU
		{B037B9D6-023C-3ED9-1E5C-153C6C932477}.Release|Any CPU.ActiveCfg = Release|Any CPU
		{B037B9D6-023C-3ED9-1E5C-153C6C932477}.Release|Any CPU.Build.0 = Release|Any CPU
		{2128BFF6-9B99-30F1-6902-3A624E2315EA}.Debug|Any CPU.ActiveCfg = Debug|Any CPU
		{2128BFF6-9B99-30F1-6902-3A624E2315EA}.Debug|Any CPU.Build.0 = Debug|Any CPU
		{2128BFF6-9B99-30F1-6902-3A624E2315EA}.Release|Any CPU.ActiveCfg = Release|Any CPU
		{2128BFF6-9B99-30F1-6902-3A624E2315EA}.Release|Any CPU.Build.0 = Release|Any CPU
		{A37E40B3-4E7A-F932-6E2A-E071519AC1E6}.Debug|Any CPU.ActiveCfg = Debug|Any CPU
		{A37E40B3-4E7A-F932-6E2A-E071519AC1E6}.Debug|Any CPU.Build.0 = Debug|Any CPU
		{A37E40B3-4E7A-F932-6E2A-E071519AC1E6}.Release|Any CPU.ActiveCfg = Release|Any CPU
		{A37E40B3-4E7A-F932-6E2A-E071519AC1E6}.Release|Any CPU.Build.0 = Release|Any CPU
		{4B819C91-D9E3-D767-F561-B6C137F41838}.Debug|Any CPU.ActiveCfg = Debug|Any CPU
		{4B819C91-D9E3-D767-F561-B6C137F41838}.Debug|Any CPU.Build.0 = Debug|Any CPU
		{4B819C91-D9E3-D767-F561-B6C137F41838}.Release|Any CPU.ActiveCfg = Release|Any CPU
		{4B819C91-D9E3-D767-F561-B6C137F41838}.Release|Any CPU.Build.0 = Release|Any CPU
		{277A4B81-60F0-1BE1-585B-4728688BF72A}.Debug|Any CPU.ActiveCfg = Debug|Any CPU
		{277A4B81-60F0-1BE1-585B-4728688BF72A}.Debug|Any CPU.Build.0 = Debug|Any CPU
		{277A4B81-60F0-1BE1-585B-4728688BF72A}.Release|Any CPU.ActiveCfg = Release|Any CPU
		{277A4B81-60F0-1BE1-585B-4728688BF72A}.Release|Any CPU.Build.0 = Release|Any CPU
		{584B3D7C-96A4-982B-C312-4D60B4FBD737}.Debug|Any CPU.ActiveCfg = Debug|Any CPU
		{584B3D7C-96A4-982B-C312-4D60B4FBD737}.Debug|Any CPU.Build.0 = Debug|Any CPU
		{584B3D7C-96A4-982B-C312-4D60B4FBD737}.Release|Any CPU.ActiveCfg = Release|Any CPU
		{584B3D7C-96A4-982B-C312-4D60B4FBD737}.Release|Any CPU.Build.0 = Release|Any CPU
		{AABB5693-97DB-E4A1-C517-F48ECAE1484A}.Debug|Any CPU.ActiveCfg = Debug|Any CPU
		{AABB5693-97DB-E4A1-C517-F48ECAE1484A}.Debug|Any CPU.Build.0 = Debug|Any CPU
		{AABB5693-97DB-E4A1-C517-F48ECAE1484A}.Release|Any CPU.ActiveCfg = Release|Any CPU
		{AABB5693-97DB-E4A1-C517-F48ECAE1484A}.Release|Any CPU.Build.0 = Release|Any CPU
		{FDEF54C4-319B-C8AB-8F55-6517426D94F6}.Debug|Any CPU.ActiveCfg = Debug|Any CPU
		{FDEF54C4-319B-C8AB-8F55-6517426D94F6}.Debug|Any CPU.Build.0 = Debug|Any CPU
		{FDEF54C4-319B-C8AB-8F55-6517426D94F6}.Release|Any CPU.ActiveCfg = Release|Any CPU
		{FDEF54C4-319B-C8AB-8F55-6517426D94F6}.Release|Any CPU.Build.0 = Release|Any CPU
		{F5A84363-2FB2-71A4-5CC8-76142FF1C0E2}.Debug|Any CPU.ActiveCfg = Debug|Any CPU
		{F5A84363-2FB2-71A4-5CC8-76142FF1C0E2}.Debug|Any CPU.Build.0 = Debug|Any CPU
		{F5A84363-2FB2-71A4-5CC8-76142FF1C0E2}.Release|Any CPU.ActiveCfg = Release|Any CPU
		{F5A84363-2FB2-71A4-5CC8-76142FF1C0E2}.Release|Any CPU.Build.0 = Release|Any CPU
		{90330B39-166D-DAB4-6D72-6B7331BF7AC1}.Debug|Any CPU.ActiveCfg = Debug|Any CPU
		{90330B39-166D-DAB4-6D72-6B7331BF7AC1}.Debug|Any CPU.Build.0 = Debug|Any CPU
		{90330B39-166D-DAB4-6D72-6B7331BF7AC1}.Release|Any CPU.ActiveCfg = Release|Any CPU
		{90330B39-166D-DAB4-6D72-6B7331BF7AC1}.Release|Any CPU.Build.0 = Release|Any CPU
		{6668F5AA-D761-654F-2C77-BB64D80A7BE3}.Debug|Any CPU.ActiveCfg = Debug|Any CPU
		{6668F5AA-D761-654F-2C77-BB64D80A7BE3}.Debug|Any CPU.Build.0 = Debug|Any CPU
		{6668F5AA-D761-654F-2C77-BB64D80A7BE3}.Release|Any CPU.ActiveCfg = Release|Any CPU
		{6668F5AA-D761-654F-2C77-BB64D80A7BE3}.Release|Any CPU.Build.0 = Release|Any CPU
		{7BCC63F4-8C81-3A0E-CE6C-C209B3F077F8}.Debug|Any CPU.ActiveCfg = Debug|Any CPU
		{7BCC63F4-8C81-3A0E-CE6C-C209B3F077F8}.Debug|Any CPU.Build.0 = Debug|Any CPU
		{7BCC63F4-8C81-3A0E-CE6C-C209B3F077F8}.Release|Any CPU.ActiveCfg = Release|Any CPU
		{7BCC63F4-8C81-3A0E-CE6C-C209B3F077F8}.Release|Any CPU.Build.0 = Release|Any CPU
		{CF67647C-A06C-B74D-936A-B46185F68332}.Debug|Any CPU.ActiveCfg = Debug|Any CPU
		{CF67647C-A06C-B74D-936A-B46185F68332}.Debug|Any CPU.Build.0 = Debug|Any CPU
		{CF67647C-A06C-B74D-936A-B46185F68332}.Release|Any CPU.ActiveCfg = Release|Any CPU
		{CF67647C-A06C-B74D-936A-B46185F68332}.Release|Any CPU.Build.0 = Release|Any CPU
		{C3DABBF8-BF71-028C-C475-BB2D520847F1}.Debug|Any CPU.ActiveCfg = Debug|Any CPU
		{C3DABBF8-BF71-028C-C475-BB2D520847F1}.Debug|Any CPU.Build.0 = Debug|Any CPU
		{C3DABBF8-BF71-028C-C475-BB2D520847F1}.Release|Any CPU.ActiveCfg = Release|Any CPU
		{C3DABBF8-BF71-028C-C475-BB2D520847F1}.Release|Any CPU.Build.0 = Release|Any CPU
		{5F06CCE5-C6C0-901C-29B2-65A168C6DAC1}.Debug|Any CPU.ActiveCfg = Debug|Any CPU
		{5F06CCE5-C6C0-901C-29B2-65A168C6DAC1}.Debug|Any CPU.Build.0 = Debug|Any CPU
		{5F06CCE5-C6C0-901C-29B2-65A168C6DAC1}.Release|Any CPU.ActiveCfg = Release|Any CPU
		{5F06CCE5-C6C0-901C-29B2-65A168C6DAC1}.Release|Any CPU.Build.0 = Release|Any CPU
		{815CD4C0-15D6-CE02-F02B-F34E5CCA1F7D}.Debug|Any CPU.ActiveCfg = Debug|Any CPU
		{815CD4C0-15D6-CE02-F02B-F34E5CCA1F7D}.Debug|Any CPU.Build.0 = Debug|Any CPU
		{815CD4C0-15D6-CE02-F02B-F34E5CCA1F7D}.Release|Any CPU.ActiveCfg = Release|Any CPU
		{815CD4C0-15D6-CE02-F02B-F34E5CCA1F7D}.Release|Any CPU.Build.0 = Release|Any CPU
		{8CFD78B2-9A32-208C-664E-CFD637DBED06}.Debug|Any CPU.ActiveCfg = Debug|Any CPU
		{8CFD78B2-9A32-208C-664E-CFD637DBED06}.Debug|Any CPU.Build.0 = Debug|Any CPU
		{8CFD78B2-9A32-208C-664E-CFD637DBED06}.Release|Any CPU.ActiveCfg = Release|Any CPU
		{8CFD78B2-9A32-208C-664E-CFD637DBED06}.Release|Any CPU.Build.0 = Release|Any CPU
		{6A93E045-7529-DFC5-5A5E-03D8BC2554CA}.Debug|Any CPU.ActiveCfg = Debug|Any CPU
		{6A93E045-7529-DFC5-5A5E-03D8BC2554CA}.Debug|Any CPU.Build.0 = Debug|Any CPU
		{6A93E045-7529-DFC5-5A5E-03D8BC2554CA}.Release|Any CPU.ActiveCfg = Release|Any CPU
		{6A93E045-7529-DFC5-5A5E-03D8BC2554CA}.Release|Any CPU.Build.0 = Release|Any CPU
		{5CCF5AFC-E720-F23E-364A-13A5950EE8FF}.Debug|Any CPU.ActiveCfg = Debug|Any CPU
		{5CCF5AFC-E720-F23E-364A-13A5950EE8FF}.Debug|Any CPU.Build.0 = Debug|Any CPU
		{5CCF5AFC-E720-F23E-364A-13A5950EE8FF}.Release|Any CPU.ActiveCfg = Release|Any CPU
		{5CCF5AFC-E720-F23E-364A-13A5950EE8FF}.Release|Any CPU.Build.0 = Release|Any CPU
		{B055E303-50A7-528D-8CCF-03707A9BB13E}.Debug|Any CPU.ActiveCfg = Debug|Any CPU
		{B055E303-50A7-528D-8CCF-03707A9BB13E}.Debug|Any CPU.Build.0 = Debug|Any CPU
		{B055E303-50A7-528D-8CCF-03707A9BB13E}.Release|Any CPU.ActiveCfg = Release|Any CPU
		{B055E303-50A7-528D-8CCF-03707A9BB13E}.Release|Any CPU.Build.0 = Release|Any CPU
		{C6A968D9-F8D4-795D-571C-984AEEB26184}.Debug|Any CPU.ActiveCfg = Debug|Any CPU
		{C6A968D9-F8D4-795D-571C-984AEEB26184}.Debug|Any CPU.Build.0 = Debug|Any CPU
		{C6A968D9-F8D4-795D-571C-984AEEB26184}.Release|Any CPU.ActiveCfg = Release|Any CPU
		{C6A968D9-F8D4-795D-571C-984AEEB26184}.Release|Any CPU.Build.0 = Release|Any CPU
		{59B37AE4-E283-E01C-2583-455EC2F5C85F}.Debug|Any CPU.ActiveCfg = Debug|Any CPU
		{59B37AE4-E283-E01C-2583-455EC2F5C85F}.Debug|Any CPU.Build.0 = Debug|Any CPU
		{59B37AE4-E283-E01C-2583-455EC2F5C85F}.Release|Any CPU.ActiveCfg = Release|Any CPU
		{59B37AE4-E283-E01C-2583-455EC2F5C85F}.Release|Any CPU.Build.0 = Release|Any CPU
		{AFDB07DD-4896-79EC-B018-CA918B9DD377}.Debug|Any CPU.ActiveCfg = Debug|Any CPU
		{AFDB07DD-4896-79EC-B018-CA918B9DD377}.Debug|Any CPU.Build.0 = Debug|Any CPU
		{AFDB07DD-4896-79EC-B018-CA918B9DD377}.Release|Any CPU.ActiveCfg = Release|Any CPU
		{AFDB07DD-4896-79EC-B018-CA918B9DD377}.Release|Any CPU.Build.0 = Release|Any CPU
		{2A22B35E-EFBB-B342-5583-E7ADD234CD14}.Debug|Any CPU.ActiveCfg = Debug|Any CPU
		{2A22B35E-EFBB-B342-5583-E7ADD234CD14}.Debug|Any CPU.Build.0 = Debug|Any CPU
		{2A22B35E-EFBB-B342-5583-E7ADD234CD14}.Release|Any CPU.ActiveCfg = Release|Any CPU
		{2A22B35E-EFBB-B342-5583-E7ADD234CD14}.Release|Any CPU.Build.0 = Release|Any CPU
		{885A74DC-F478-FE91-F572-17182928CD7E}.Debug|Any CPU.ActiveCfg = Debug|Any CPU
		{885A74DC-F478-FE91-F572-17182928CD7E}.Debug|Any CPU.Build.0 = Debug|Any CPU
		{885A74DC-F478-FE91-F572-17182928CD7E}.Release|Any CPU.ActiveCfg = Release|Any CPU
		{885A74DC-F478-FE91-F572-17182928CD7E}.Release|Any CPU.Build.0 = Release|Any CPU
		{271CA688-F238-8B74-2BFB-E48CF9488600}.Debug|Any CPU.ActiveCfg = Debug|Any CPU
		{271CA688-F238-8B74-2BFB-E48CF9488600}.Debug|Any CPU.Build.0 = Debug|Any CPU
		{271CA688-F238-8B74-2BFB-E48CF9488600}.Release|Any CPU.ActiveCfg = Release|Any CPU
		{271CA688-F238-8B74-2BFB-E48CF9488600}.Release|Any CPU.Build.0 = Release|Any CPU
		{E9F754C0-4843-AA53-2C51-CF1E7357EA01}.Debug|Any CPU.ActiveCfg = Debug|Any CPU
		{E9F754C0-4843-AA53-2C51-CF1E7357EA01}.Debug|Any CPU.Build.0 = Debug|Any CPU
		{E9F754C0-4843-AA53-2C51-CF1E7357EA01}.Release|Any CPU.ActiveCfg = Release|Any CPU
		{E9F754C0-4843-AA53-2C51-CF1E7357EA01}.Release|Any CPU.Build.0 = Release|Any CPU
		{449BFE8C-54B2-DBA0-21DF-432C733025D4}.Debug|Any CPU.ActiveCfg = Debug|Any CPU
		{449BFE8C-54B2-DBA0-21DF-432C733025D4}.Debug|Any CPU.Build.0 = Debug|Any CPU
		{449BFE8C-54B2-DBA0-21DF-432C733025D4}.Release|Any CPU.ActiveCfg = Release|Any CPU
		{449BFE8C-54B2-DBA0-21DF-432C733025D4}.Release|Any CPU.Build.0 = Release|Any CPU
		{52C54D8C-5844-896E-1703-9595F8FF7D79}.Debug|Any CPU.ActiveCfg = Debug|Any CPU
		{52C54D8C-5844-896E-1703-9595F8FF7D79}.Debug|Any CPU.Build.0 = Debug|Any CPU
		{52C54D8C-5844-896E-1703-9595F8FF7D79}.Release|Any CPU.ActiveCfg = Release|Any CPU
		{52C54D8C-5844-896E-1703-9595F8FF7D79}.Release|Any CPU.Build.0 = Release|Any CPU
		{C8C2586F-9BF9-D50A-D76A-D17A3DB3B052}.Debug|Any CPU.ActiveCfg = Debug|Any CPU
		{C8C2586F-9BF9-D50A-D76A-D17A3DB3B052}.Debug|Any CPU.Build.0 = Debug|Any CPU
		{C8C2586F-9BF9-D50A-D76A-D17A3DB3B052}.Release|Any CPU.ActiveCfg = Release|Any CPU
		{C8C2586F-9BF9-D50A-D76A-D17A3DB3B052}.Release|Any CPU.Build.0 = Release|Any CPU
		{FD0C779F-9457-37D2-11FB-5CD0BF62185C}.Debug|Any CPU.ActiveCfg = Debug|Any CPU
		{FD0C779F-9457-37D2-11FB-5CD0BF62185C}.Debug|Any CPU.Build.0 = Debug|Any CPU
		{FD0C779F-9457-37D2-11FB-5CD0BF62185C}.Release|Any CPU.ActiveCfg = Release|Any CPU
		{FD0C779F-9457-37D2-11FB-5CD0BF62185C}.Release|Any CPU.Build.0 = Release|Any CPU
		{3C2C5394-995F-402E-E65B-CEA331FC76D7}.Debug|Any CPU.ActiveCfg = Debug|Any CPU
		{3C2C5394-995F-402E-E65B-CEA331FC76D7}.Debug|Any CPU.Build.0 = Debug|Any CPU
		{3C2C5394-995F-402E-E65B-CEA331FC76D7}.Release|Any CPU.ActiveCfg = Release|Any CPU
		{3C2C5394-995F-402E-E65B-CEA331FC76D7}.Release|Any CPU.Build.0 = Release|Any CPU
		{1C0902B3-124B-3BB8-9B1F-A03307FDBC6B}.Debug|Any CPU.ActiveCfg = Debug|Any CPU
		{1C0902B3-124B-3BB8-9B1F-A03307FDBC6B}.Debug|Any CPU.Build.0 = Debug|Any CPU
		{1C0902B3-124B-3BB8-9B1F-A03307FDBC6B}.Release|Any CPU.ActiveCfg = Release|Any CPU
		{1C0902B3-124B-3BB8-9B1F-A03307FDBC6B}.Release|Any CPU.Build.0 = Release|Any CPU
		{63F48174-7D0D-7453-7C55-21356E3DA51D}.Debug|Any CPU.ActiveCfg = Debug|Any CPU
		{63F48174-7D0D-7453-7C55-21356E3DA51D}.Debug|Any CPU.Build.0 = Debug|Any CPU
		{63F48174-7D0D-7453-7C55-21356E3DA51D}.Release|Any CPU.ActiveCfg = Release|Any CPU
		{63F48174-7D0D-7453-7C55-21356E3DA51D}.Release|Any CPU.Build.0 = Release|Any CPU
		{8E81EEDA-58AC-F73B-540E-062CD5F63D9D}.Debug|Any CPU.ActiveCfg = Debug|Any CPU
		{8E81EEDA-58AC-F73B-540E-062CD5F63D9D}.Debug|Any CPU.Build.0 = Debug|Any CPU
		{8E81EEDA-58AC-F73B-540E-062CD5F63D9D}.Release|Any CPU.ActiveCfg = Release|Any CPU
		{8E81EEDA-58AC-F73B-540E-062CD5F63D9D}.Release|Any CPU.Build.0 = Release|Any CPU
		{CF8FD2B6-054B-717F-260B-39A7DA64273C}.Debug|Any CPU.ActiveCfg = Debug|Any CPU
		{CF8FD2B6-054B-717F-260B-39A7DA64273C}.Debug|Any CPU.Build.0 = Debug|Any CPU
		{CF8FD2B6-054B-717F-260B-39A7DA64273C}.Release|Any CPU.ActiveCfg = Release|Any CPU
		{CF8FD2B6-054B-717F-260B-39A7DA64273C}.Release|Any CPU.Build.0 = Release|Any CPU
		{3DBE91EE-0E59-0E49-512C-977A91C39326}.Debug|Any CPU.ActiveCfg = Debug|Any CPU
		{3DBE91EE-0E59-0E49-512C-977A91C39326}.Debug|Any CPU.Build.0 = Debug|Any CPU
		{3DBE91EE-0E59-0E49-512C-977A91C39326}.Release|Any CPU.ActiveCfg = Release|Any CPU
		{3DBE91EE-0E59-0E49-512C-977A91C39326}.Release|Any CPU.Build.0 = Release|Any CPU
		{5BD0A0B2-6C5D-FFB7-C3CF-F8609D6A8155}.Debug|Any CPU.ActiveCfg = Debug|Any CPU
		{5BD0A0B2-6C5D-FFB7-C3CF-F8609D6A8155}.Debug|Any CPU.Build.0 = Debug|Any CPU
		{5BD0A0B2-6C5D-FFB7-C3CF-F8609D6A8155}.Release|Any CPU.ActiveCfg = Release|Any CPU
		{5BD0A0B2-6C5D-FFB7-C3CF-F8609D6A8155}.Release|Any CPU.Build.0 = Release|Any CPU
		{0F57AD39-354C-C3A2-9E69-85FC778D1022}.Debug|Any CPU.ActiveCfg = Debug|Any CPU
		{0F57AD39-354C-C3A2-9E69-85FC778D1022}.Debug|Any CPU.Build.0 = Debug|Any CPU
		{0F57AD39-354C-C3A2-9E69-85FC778D1022}.Release|Any CPU.ActiveCfg = Release|Any CPU
		{0F57AD39-354C-C3A2-9E69-85FC778D1022}.Release|Any CPU.Build.0 = Release|Any CPU
		{4F70E8F3-52DC-E68E-4372-E099ADF19535}.Debug|Any CPU.ActiveCfg = Debug|Any CPU
		{4F70E8F3-52DC-E68E-4372-E099ADF19535}.Debug|Any CPU.Build.0 = Debug|Any CPU
		{4F70E8F3-52DC-E68E-4372-E099ADF19535}.Release|Any CPU.ActiveCfg = Release|Any CPU
		{4F70E8F3-52DC-E68E-4372-E099ADF19535}.Release|Any CPU.Build.0 = Release|Any CPU
		{1AC8B9B3-79EF-A411-084D-6ADE8708F8A1}.Debug|Any CPU.ActiveCfg = Debug|Any CPU
		{1AC8B9B3-79EF-A411-084D-6ADE8708F8A1}.Debug|Any CPU.Build.0 = Debug|Any CPU
		{1AC8B9B3-79EF-A411-084D-6ADE8708F8A1}.Release|Any CPU.ActiveCfg = Release|Any CPU
		{1AC8B9B3-79EF-A411-084D-6ADE8708F8A1}.Release|Any CPU.Build.0 = Release|Any CPU
		{32666EAD-1CF5-9BA9-F94F-5B1A3C30F17F}.Debug|Any CPU.ActiveCfg = Debug|Any CPU
		{32666EAD-1CF5-9BA9-F94F-5B1A3C30F17F}.Debug|Any CPU.Build.0 = Debug|Any CPU
		{32666EAD-1CF5-9BA9-F94F-5B1A3C30F17F}.Release|Any CPU.ActiveCfg = Release|Any CPU
		{32666EAD-1CF5-9BA9-F94F-5B1A3C30F17F}.Release|Any CPU.Build.0 = Release|Any CPU
		{13AD3EEF-332F-A096-DEA2-F35FBB6DDD31}.Debug|Any CPU.ActiveCfg = Debug|Any CPU
		{13AD3EEF-332F-A096-DEA2-F35FBB6DDD31}.Debug|Any CPU.Build.0 = Debug|Any CPU
		{13AD3EEF-332F-A096-DEA2-F35FBB6DDD31}.Release|Any CPU.ActiveCfg = Release|Any CPU
		{13AD3EEF-332F-A096-DEA2-F35FBB6DDD31}.Release|Any CPU.Build.0 = Release|Any CPU
		{F074F00F-ECA2-1D57-797A-7705A9CD4D67}.Debug|Any CPU.ActiveCfg = Debug|Any CPU
		{F074F00F-ECA2-1D57-797A-7705A9CD4D67}.Debug|Any CPU.Build.0 = Debug|Any CPU
		{F074F00F-ECA2-1D57-797A-7705A9CD4D67}.Release|Any CPU.ActiveCfg = Release|Any CPU
		{F074F00F-ECA2-1D57-797A-7705A9CD4D67}.Release|Any CPU.Build.0 = Release|Any CPU
		{B17B0353-07D2-95C8-8652-BA85FDBC1A8B}.Debug|Any CPU.ActiveCfg = Debug|Any CPU
		{B17B0353-07D2-95C8-8652-BA85FDBC1A8B}.Debug|Any CPU.Build.0 = Debug|Any CPU
		{B17B0353-07D2-95C8-8652-BA85FDBC1A8B}.Release|Any CPU.ActiveCfg = Release|Any CPU
		{B17B0353-07D2-95C8-8652-BA85FDBC1A8B}.Release|Any CPU.Build.0 = Release|Any CPU
		{F048F152-EC95-466A-F905-E39123D1780D}.Debug|Any CPU.ActiveCfg = Debug|Any CPU
		{F048F152-EC95-466A-F905-E39123D1780D}.Debug|Any CPU.Build.0 = Debug|Any CPU
		{F048F152-EC95-466A-F905-E39123D1780D}.Release|Any CPU.ActiveCfg = Release|Any CPU
		{F048F152-EC95-466A-F905-E39123D1780D}.Release|Any CPU.Build.0 = Release|Any CPU
		{99AE713E-AD00-9F69-82C3-163DE1133B2A}.Debug|Any CPU.ActiveCfg = Debug|Any CPU
		{99AE713E-AD00-9F69-82C3-163DE1133B2A}.Debug|Any CPU.Build.0 = Debug|Any CPU
		{99AE713E-AD00-9F69-82C3-163DE1133B2A}.Release|Any CPU.ActiveCfg = Release|Any CPU
		{99AE713E-AD00-9F69-82C3-163DE1133B2A}.Release|Any CPU.Build.0 = Release|Any CPU
		{A17E9C14-A1C3-CCBB-2B39-500B89498874}.Debug|Any CPU.ActiveCfg = Debug|Any CPU
		{A17E9C14-A1C3-CCBB-2B39-500B89498874}.Debug|Any CPU.Build.0 = Debug|Any CPU
		{A17E9C14-A1C3-CCBB-2B39-500B89498874}.Release|Any CPU.ActiveCfg = Release|Any CPU
		{A17E9C14-A1C3-CCBB-2B39-500B89498874}.Release|Any CPU.Build.0 = Release|Any CPU
		{D3132D61-422D-59EB-8679-C3579327A3E4}.Debug|Any CPU.ActiveCfg = Debug|Any CPU
		{D3132D61-422D-59EB-8679-C3579327A3E4}.Debug|Any CPU.Build.0 = Debug|Any CPU
		{D3132D61-422D-59EB-8679-C3579327A3E4}.Release|Any CPU.ActiveCfg = Release|Any CPU
		{D3132D61-422D-59EB-8679-C3579327A3E4}.Release|Any CPU.Build.0 = Release|Any CPU
		{4E1D5F74-F359-9B72-A8E9-39FE80D19EA7}.Debug|Any CPU.ActiveCfg = Debug|Any CPU
		{4E1D5F74-F359-9B72-A8E9-39FE80D19EA7}.Debug|Any CPU.Build.0 = Debug|Any CPU
		{4E1D5F74-F359-9B72-A8E9-39FE80D19EA7}.Release|Any CPU.ActiveCfg = Release|Any CPU
		{4E1D5F74-F359-9B72-A8E9-39FE80D19EA7}.Release|Any CPU.Build.0 = Release|Any CPU
		{7AA8BD0D-53A3-D183-9FD9-238BB656223B}.Debug|Any CPU.ActiveCfg = Debug|Any CPU
		{7AA8BD0D-53A3-D183-9FD9-238BB656223B}.Debug|Any CPU.Build.0 = Debug|Any CPU
		{7AA8BD0D-53A3-D183-9FD9-238BB656223B}.Release|Any CPU.ActiveCfg = Release|Any CPU
		{7AA8BD0D-53A3-D183-9FD9-238BB656223B}.Release|Any CPU.Build.0 = Release|Any CPU
		{7C2BDFEA-C1BB-0FBF-46EC-FFF2C0A0462A}.Debug|Any CPU.ActiveCfg = Debug|Any CPU
		{7C2BDFEA-C1BB-0FBF-46EC-FFF2C0A0462A}.Debug|Any CPU.Build.0 = Debug|Any CPU
		{7C2BDFEA-C1BB-0FBF-46EC-FFF2C0A0462A}.Release|Any CPU.ActiveCfg = Release|Any CPU
		{7C2BDFEA-C1BB-0FBF-46EC-FFF2C0A0462A}.Release|Any CPU.Build.0 = Release|Any CPU
		{291C8712-F8CD-3555-88AE-DE6C4D66A189}.Debug|Any CPU.ActiveCfg = Debug|Any CPU
		{291C8712-F8CD-3555-88AE-DE6C4D66A189}.Debug|Any CPU.Build.0 = Debug|Any CPU
		{291C8712-F8CD-3555-88AE-DE6C4D66A189}.Release|Any CPU.ActiveCfg = Release|Any CPU
		{291C8712-F8CD-3555-88AE-DE6C4D66A189}.Release|Any CPU.Build.0 = Release|Any CPU
		{941451DF-8677-1287-69BA-244D3DBC8A19}.Debug|Any CPU.ActiveCfg = Debug|Any CPU
		{941451DF-8677-1287-69BA-244D3DBC8A19}.Debug|Any CPU.Build.0 = Debug|Any CPU
		{941451DF-8677-1287-69BA-244D3DBC8A19}.Release|Any CPU.ActiveCfg = Release|Any CPU
		{941451DF-8677-1287-69BA-244D3DBC8A19}.Release|Any CPU.Build.0 = Release|Any CPU
		{1EBAD6CF-E6A7-B376-D927-822C16192F7C}.Debug|Any CPU.ActiveCfg = Debug|Any CPU
		{1EBAD6CF-E6A7-B376-D927-822C16192F7C}.Debug|Any CPU.Build.0 = Debug|Any CPU
		{1EBAD6CF-E6A7-B376-D927-822C16192F7C}.Release|Any CPU.ActiveCfg = Release|Any CPU
		{1EBAD6CF-E6A7-B376-D927-822C16192F7C}.Release|Any CPU.Build.0 = Release|Any CPU
		{95C0340F-FB2E-D2EB-7DAB-84EE8CD256AF}.Debug|Any CPU.ActiveCfg = Debug|Any CPU
		{95C0340F-FB2E-D2EB-7DAB-84EE8CD256AF}.Debug|Any CPU.Build.0 = Debug|Any CPU
		{95C0340F-FB2E-D2EB-7DAB-84EE8CD256AF}.Release|Any CPU.ActiveCfg = Release|Any CPU
		{95C0340F-FB2E-D2EB-7DAB-84EE8CD256AF}.Release|Any CPU.Build.0 = Release|Any CPU
		{BD7915CE-F7AA-793B-C248-43DEF461219E}.Debug|Any CPU.ActiveCfg = Debug|Any CPU
		{BD7915CE-F7AA-793B-C248-43DEF461219E}.Debug|Any CPU.Build.0 = Debug|Any CPU
		{BD7915CE-F7AA-793B-C248-43DEF461219E}.Release|Any CPU.ActiveCfg = Release|Any CPU
		{BD7915CE-F7AA-793B-C248-43DEF461219E}.Release|Any CPU.Build.0 = Release|Any CPU
		{8AC2F7C4-6B5E-4D77-C033-DC596399D1BA}.Debug|Any CPU.ActiveCfg = Debug|Any CPU
		{8AC2F7C4-6B5E-4D77-C033-DC596399D1BA}.Debug|Any CPU.Build.0 = Debug|Any CPU
		{8AC2F7C4-6B5E-4D77-C033-DC596399D1BA}.Release|Any CPU.ActiveCfg = Release|Any CPU
		{8AC2F7C4-6B5E-4D77-C033-DC596399D1BA}.Release|Any CPU.Build.0 = Release|Any CPU
		{715CF205-2B65-6D02-92AF-C207A7B75E3C}.Debug|Any CPU.ActiveCfg = Debug|Any CPU
		{715CF205-2B65-6D02-92AF-C207A7B75E3C}.Debug|Any CPU.Build.0 = Debug|Any CPU
		{715CF205-2B65-6D02-92AF-C207A7B75E3C}.Release|Any CPU.ActiveCfg = Release|Any CPU
		{715CF205-2B65-6D02-92AF-C207A7B75E3C}.Release|Any CPU.Build.0 = Release|Any CPU
		{65F2D6E8-D8B2-3294-1ABD-ECC5949846A7}.Debug|Any CPU.ActiveCfg = Debug|Any CPU
		{65F2D6E8-D8B2-3294-1ABD-ECC5949846A7}.Debug|Any CPU.Build.0 = Debug|Any CPU
		{65F2D6E8-D8B2-3294-1ABD-ECC5949846A7}.Release|Any CPU.ActiveCfg = Release|Any CPU
		{65F2D6E8-D8B2-3294-1ABD-ECC5949846A7}.Release|Any CPU.Build.0 = Release|Any CPU
		{C8ECE50E-8031-7873-FBCF-6E2CB5B1B69E}.Debug|Any CPU.ActiveCfg = Debug|Any CPU
		{C8ECE50E-8031-7873-FBCF-6E2CB5B1B69E}.Debug|Any CPU.Build.0 = Debug|Any CPU
		{C8ECE50E-8031-7873-FBCF-6E2CB5B1B69E}.Release|Any CPU.ActiveCfg = Release|Any CPU
		{C8ECE50E-8031-7873-FBCF-6E2CB5B1B69E}.Release|Any CPU.Build.0 = Release|Any CPU
		{A1E70083-23B0-AD3E-6482-6797467DD131}.Debug|Any CPU.ActiveCfg = Debug|Any CPU
		{A1E70083-23B0-AD3E-6482-6797467DD131}.Debug|Any CPU.Build.0 = Debug|Any CPU
		{A1E70083-23B0-AD3E-6482-6797467DD131}.Release|Any CPU.ActiveCfg = Release|Any CPU
		{A1E70083-23B0-AD3E-6482-6797467DD131}.Release|Any CPU.Build.0 = Release|Any CPU
		{6D38614F-39C9-BD88-C379-A25553F8C330}.Debug|Any CPU.ActiveCfg = Debug|Any CPU
		{6D38614F-39C9-BD88-C379-A25553F8C330}.Debug|Any CPU.Build.0 = Debug|Any CPU
		{6D38614F-39C9-BD88-C379-A25553F8C330}.Release|Any CPU.ActiveCfg = Release|Any CPU
		{6D38614F-39C9-BD88-C379-A25553F8C330}.Release|Any CPU.Build.0 = Release|Any CPU
	EndGlobalSection
	GlobalSection(SolutionProperties) = preSolution
		HideSolutionNode = FALSE
	EndGlobalSection
EndGlobal
